{
	"name": "sublime-astro",
	"version": "1.0.0",
	"lockfileVersion": 2,
	"requires": true,
	"packages": {
		"": {
			"name": "sublime-astro",
			"version": "1.0.0",
			"dependencies": {
				"@astrojs/language-server": "^2.5.5",
				"typescript": "^5.3.3"
			},
			"peerDependencies": {
				"prettier": "^3.0.0",
				"prettier-plugin-astro": "^0.12.0"
			},
			"peerDependenciesMeta": {
				"prettier": {
					"optional": true
				},
				"prettier-plugin-astro": {
					"optional": true
				}
			}
		},
		"node_modules/@astrojs/compiler": {
			"version": "1.5.7",
			"resolved": "https://registry.npmjs.org/@astrojs/compiler/-/compiler-1.5.7.tgz",
			"integrity": "sha512-dFU7GAMbpTUGPkRoCoMQrGFlTe3qIiQMSOxIXp/nB1Do4My9uogjEmBHdR5Cwr4i6rc5/1R3Od9v8kU/pkHXGQ==",
			"optional": true,
			"peer": true
		},
		"node_modules/@astrojs/language-server": {
			"version": "2.5.5",
			"resolved": "https://registry.npmjs.org/@astrojs/language-server/-/language-server-2.5.5.tgz",
			"integrity": "sha512-hk7a8S7bpf//BOA6mMjiYqi/eiYtGPfUfw59eVXdutdRFdwDHtu4jcsLu43ZaId56pAcE8qFjIvJxySvzcxiUA==",
			"dependencies": {
				"@astrojs/compiler": "^2.2.2",
				"@jridgewell/sourcemap-codec": "^1.4.15",
				"@volar/kit": "~1.10.9",
				"@volar/language-core": "~1.10.9",
				"@volar/language-server": "~1.10.9",
				"@volar/language-service": "~1.10.9",
				"@volar/source-map": "~1.10.9",
				"@volar/typescript": "~1.10.9",
				"fast-glob": "^3.2.12",
				"muggle-string": "^0.3.1",
				"volar-service-css": "0.0.16",
				"volar-service-emmet": "0.0.16",
				"volar-service-html": "0.0.16",
				"volar-service-prettier": "0.0.16",
				"volar-service-typescript": "0.0.16",
				"volar-service-typescript-twoslash-queries": "0.0.16",
				"vscode-html-languageservice": "^5.1.0",
				"vscode-uri": "^3.0.8"
			},
			"bin": {
				"astro-ls": "bin/nodeServer.js"
			},
			"peerDependencies": {
				"prettier": "^3.0.0",
				"prettier-plugin-astro": ">=0.11.0"
			},
			"peerDependenciesMeta": {
				"prettier": {
					"optional": true
				},
				"prettier-plugin-astro": {
					"optional": true
				}
			}
		},
		"node_modules/@astrojs/language-server/node_modules/@astrojs/compiler": {
			"version": "2.2.2",
			"resolved": "https://registry.npmjs.org/@astrojs/compiler/-/compiler-2.2.2.tgz",
			"integrity": "sha512-nJaEgq0EP1mybaW1PvNnnp4RxVQnaLajUYnqrqxFbIdu1ELbH6OxNuAJWI+/q9TbMP6NG/eK6WRMhQsxX6qkUQ=="
		},
		"node_modules/@emmetio/abbreviation": {
			"version": "2.3.3",
			"resolved": "https://registry.npmjs.org/@emmetio/abbreviation/-/abbreviation-2.3.3.tgz",
			"integrity": "sha512-mgv58UrU3rh4YgbE/TzgLQwJ3pFsHHhCLqY20aJq+9comytTXUDNGG/SMtSeMJdkpxgXSXunBGLD8Boka3JyVA==",
			"dependencies": {
				"@emmetio/scanner": "^1.0.4"
			}
		},
		"node_modules/@emmetio/css-abbreviation": {
			"version": "2.1.8",
			"resolved": "https://registry.npmjs.org/@emmetio/css-abbreviation/-/css-abbreviation-2.1.8.tgz",
			"integrity": "sha512-s9yjhJ6saOO/uk1V74eifykk2CBYi01STTK3WlXWGOepyKa23ymJ053+DNQjpFcy1ingpaO7AxCcwLvHFY9tuw==",
			"dependencies": {
				"@emmetio/scanner": "^1.0.4"
			}
		},
		"node_modules/@emmetio/scanner": {
			"version": "1.0.4",
			"resolved": "https://registry.npmjs.org/@emmetio/scanner/-/scanner-1.0.4.tgz",
			"integrity": "sha512-IqRuJtQff7YHHBk4G8YZ45uB9BaAGcwQeVzgj/zj8/UdOhtQpEIupUhSk8dys6spFIWVZVeK20CzGEnqR5SbqA=="
		},
		"node_modules/@jridgewell/sourcemap-codec": {
			"version": "1.4.15",
			"resolved": "https://registry.npmjs.org/@jridgewell/sourcemap-codec/-/sourcemap-codec-1.4.15.tgz",
			"integrity": "sha512-eF2rxCRulEKXHTRiDrDy6erMYWqNw4LPdQ8UQA4huuxaQsVeRPFl2oM8oDGxMFhJUWZf9McpLtJasDDZb/Bpeg=="
		},
		"node_modules/@nodelib/fs.scandir": {
			"version": "2.1.5",
			"resolved": "https://registry.npmjs.org/@nodelib/fs.scandir/-/fs.scandir-2.1.5.tgz",
			"integrity": "sha512-vq24Bq3ym5HEQm2NKCr3yXDwjc7vTsEThRDnkp2DK9p1uqLR+DHurm/NOTo0KG7HYHU7eppKZj3MyqYuMBf62g==",
			"dependencies": {
				"@nodelib/fs.stat": "2.0.5",
				"run-parallel": "^1.1.9"
			},
			"engines": {
				"node": ">= 8"
			}
		},
		"node_modules/@nodelib/fs.stat": {
			"version": "2.0.5",
			"resolved": "https://registry.npmjs.org/@nodelib/fs.stat/-/fs.stat-2.0.5.tgz",
			"integrity": "sha512-RkhPPp2zrqDAQA/2jNhnztcPAlv64XdhIp7a7454A5ovI7Bukxgt7MX7udwAu3zg1DcpPU0rz3VV1SeaqvY4+A==",
			"engines": {
				"node": ">= 8"
			}
		},
		"node_modules/@nodelib/fs.walk": {
			"version": "1.2.8",
			"resolved": "https://registry.npmjs.org/@nodelib/fs.walk/-/fs.walk-1.2.8.tgz",
			"integrity": "sha512-oGB+UxlgWcgQkgwo8GcEGwemoTFt3FIO9ababBmaGwXIoBKZ+GTy0pP185beGg7Llih/NSHSV2XAs1lnznocSg==",
			"dependencies": {
				"@nodelib/fs.scandir": "2.1.5",
				"fastq": "^1.6.0"
			},
			"engines": {
				"node": ">= 8"
			}
		},
		"node_modules/@volar/kit": {
			"version": "1.10.10",
			"resolved": "https://registry.npmjs.org/@volar/kit/-/kit-1.10.10.tgz",
			"integrity": "sha512-V2SyUPCPUhueqH8j5t48LJ0QsjExGSXzTv/XOdkUHV7hJ/ekyRGFqKxcfBtMq/nK6Tgu2G1ba+6u0d7e6wKcQw==",
			"dependencies": {
				"@volar/language-service": "1.10.10",
				"typesafe-path": "^0.2.2",
				"vscode-languageserver-textdocument": "^1.0.11",
				"vscode-uri": "^3.0.8"
			},
			"peerDependencies": {
				"typescript": "*"
			}
		},
		"node_modules/@volar/language-core": {
			"version": "1.10.10",
			"resolved": "https://registry.npmjs.org/@volar/language-core/-/language-core-1.10.10.tgz",
			"integrity": "sha512-nsV1o3AZ5n5jaEAObrS3MWLBWaGwUj/vAsc15FVNIv+DbpizQRISg9wzygsHBr56ELRH8r4K75vkYNMtsSNNWw==",
			"dependencies": {
				"@volar/source-map": "1.10.10"
			}
		},
		"node_modules/@volar/language-server": {
			"version": "1.10.10",
			"resolved": "https://registry.npmjs.org/@volar/language-server/-/language-server-1.10.10.tgz",
			"integrity": "sha512-F2PRBU+CRjT7L9qe8bjof/uz/LbAXVmgwNU2gOSX2y1bUl3E8DHmD0dB6pwIVublvkx+Ivg/0r3Z6oyxfPPruQ==",
			"dependencies": {
				"@volar/language-core": "1.10.10",
				"@volar/language-service": "1.10.10",
				"@volar/typescript": "1.10.10",
				"@vscode/l10n": "^0.0.16",
				"path-browserify": "^1.0.1",
				"request-light": "^0.7.0",
				"vscode-languageserver": "^9.0.1",
				"vscode-languageserver-protocol": "^3.17.5",
				"vscode-languageserver-textdocument": "^1.0.11",
				"vscode-uri": "^3.0.8"
			}
		},
		"node_modules/@volar/language-service": {
			"version": "1.10.10",
			"resolved": "https://registry.npmjs.org/@volar/language-service/-/language-service-1.10.10.tgz",
			"integrity": "sha512-P4fiPWDI6fLGO6BghlksCVHs1nr9gvWAMDyma3Bca4aowxXusxjUVTsnJq0EVorIN5uIr1Xel4B/tNdXt/IKyw==",
			"dependencies": {
				"@volar/language-core": "1.10.10",
				"@volar/source-map": "1.10.10",
				"vscode-languageserver-protocol": "^3.17.5",
				"vscode-languageserver-textdocument": "^1.0.11",
				"vscode-uri": "^3.0.8"
			}
		},
		"node_modules/@volar/source-map": {
			"version": "1.10.10",
			"resolved": "https://registry.npmjs.org/@volar/source-map/-/source-map-1.10.10.tgz",
			"integrity": "sha512-GVKjLnifV4voJ9F0vhP56p4+F3WGf+gXlRtjFZsv6v3WxBTWU3ZVeaRaEHJmWrcv5LXmoYYpk/SC25BKemPRkg==",
			"dependencies": {
				"muggle-string": "^0.3.1"
			}
		},
		"node_modules/@volar/typescript": {
			"version": "1.10.10",
			"resolved": "https://registry.npmjs.org/@volar/typescript/-/typescript-1.10.10.tgz",
			"integrity": "sha512-4a2r5bdUub2m+mYVnLu2wt59fuoYWe7nf0uXtGHU8QQ5LDNfzAR0wK7NgDiQ9rcl2WT3fxT2AA9AylAwFtj50A==",
			"dependencies": {
				"@volar/language-core": "1.10.10",
				"path-browserify": "^1.0.1"
			}
		},
		"node_modules/@vscode/emmet-helper": {
			"version": "2.9.2",
			"resolved": "https://registry.npmjs.org/@vscode/emmet-helper/-/emmet-helper-2.9.2.tgz",
			"integrity": "sha512-MaGuyW+fa13q3aYsluKqclmh62Hgp0BpKIqS66fCxfOaBcVQ1OnMQxRRgQUYnCkxFISAQlkJ0qWWPyXjro1Qrg==",
			"dependencies": {
				"emmet": "^2.4.3",
				"jsonc-parser": "^2.3.0",
				"vscode-languageserver-textdocument": "^1.0.1",
				"vscode-languageserver-types": "^3.15.1",
				"vscode-uri": "^2.1.2"
			}
		},
		"node_modules/@vscode/emmet-helper/node_modules/vscode-uri": {
			"version": "2.1.2",
			"resolved": "https://registry.npmjs.org/vscode-uri/-/vscode-uri-2.1.2.tgz",
			"integrity": "sha512-8TEXQxlldWAuIODdukIb+TR5s+9Ds40eSJrw+1iDDA9IFORPjMELarNQE3myz5XIkWWpdprmJjm1/SxMlWOC8A=="
		},
		"node_modules/@vscode/l10n": {
			"version": "0.0.16",
			"resolved": "https://registry.npmjs.org/@vscode/l10n/-/l10n-0.0.16.tgz",
			"integrity": "sha512-JT5CvrIYYCrmB+dCana8sUqJEcGB1ZDXNLMQ2+42bW995WmNoenijWMUdZfwmuQUTQcEVVIa2OecZzTYWUW9Cg=="
		},
		"node_modules/braces": {
			"version": "3.0.2",
			"resolved": "https://registry.npmjs.org/braces/-/braces-3.0.2.tgz",
			"integrity": "sha512-b8um+L1RzM3WDSzvhm6gIz1yfTbBt6YTlcEKAvsmqCZZFw46z626lVj9j1yEPW33H5H+lBQpZMP1k8l+78Ha0A==",
			"dependencies": {
				"fill-range": "^7.0.1"
			},
			"engines": {
				"node": ">=8"
			}
		},
		"node_modules/emmet": {
			"version": "2.4.6",
			"resolved": "https://registry.npmjs.org/emmet/-/emmet-2.4.6.tgz",
			"integrity": "sha512-dJfbdY/hfeTyf/Ef7Y7ubLYzkBvPQ912wPaeVYpAxvFxkEBf/+hJu4H6vhAvFN6HlxqedlfVn2x1S44FfQ97pg==",
			"dependencies": {
				"@emmetio/abbreviation": "^2.3.3",
				"@emmetio/css-abbreviation": "^2.1.8"
			}
		},
		"node_modules/fast-glob": {
			"version": "3.2.12",
			"resolved": "https://registry.npmjs.org/fast-glob/-/fast-glob-3.2.12.tgz",
			"integrity": "sha512-DVj4CQIYYow0BlaelwK1pHl5n5cRSJfM60UA0zK891sVInoPri2Ekj7+e1CT3/3qxXenpI+nBBmQAcJPJgaj4w==",
			"dependencies": {
				"@nodelib/fs.stat": "^2.0.2",
				"@nodelib/fs.walk": "^1.2.3",
				"glob-parent": "^5.1.2",
				"merge2": "^1.3.0",
				"micromatch": "^4.0.4"
			},
			"engines": {
				"node": ">=8.6.0"
			}
		},
		"node_modules/fastq": {
			"version": "1.15.0",
			"resolved": "https://registry.npmjs.org/fastq/-/fastq-1.15.0.tgz",
			"integrity": "sha512-wBrocU2LCXXa+lWBt8RoIRD89Fi8OdABODa/kEnyeyjS5aZO5/GNvI5sEINADqP/h8M29UHTHUb53sUu5Ihqdw==",
			"dependencies": {
				"reusify": "^1.0.4"
			}
		},
		"node_modules/fill-range": {
			"version": "7.0.1",
			"resolved": "https://registry.npmjs.org/fill-range/-/fill-range-7.0.1.tgz",
			"integrity": "sha512-qOo9F+dMUmC2Lcb4BbVvnKJxTPjCm+RRpe4gDuGrzkL7mEVl/djYSu2OdQ2Pa302N4oqkSg9ir6jaLWJ2USVpQ==",
			"dependencies": {
				"to-regex-range": "^5.0.1"
			},
			"engines": {
				"node": ">=8"
			}
		},
		"node_modules/glob-parent": {
			"version": "5.1.2",
			"resolved": "https://registry.npmjs.org/glob-parent/-/glob-parent-5.1.2.tgz",
			"integrity": "sha512-AOIgSQCepiJYwP3ARnGx+5VnTu2HBYdzbGP45eLw1vr3zB3vZLeyed1sC9hnbcOc9/SrMyM5RPQrkGz4aS9Zow==",
			"dependencies": {
				"is-glob": "^4.0.1"
			},
			"engines": {
				"node": ">= 6"
			}
		},
		"node_modules/is-extglob": {
			"version": "2.1.1",
			"resolved": "https://registry.npmjs.org/is-extglob/-/is-extglob-2.1.1.tgz",
			"integrity": "sha512-SbKbANkN603Vi4jEZv49LeVJMn4yGwsbzZworEoyEiutsN3nJYdbO36zfhGJ6QEDpOZIFkDtnq5JRxmvl3jsoQ==",
			"engines": {
				"node": ">=0.10.0"
			}
		},
		"node_modules/is-glob": {
			"version": "4.0.3",
			"resolved": "https://registry.npmjs.org/is-glob/-/is-glob-4.0.3.tgz",
			"integrity": "sha512-xelSayHH36ZgE7ZWhli7pW34hNbNl8Ojv5KVmkJD4hBdD3th8Tfk9vYasLM+mXWOZhFkgZfxhLSnrwRr4elSSg==",
			"dependencies": {
				"is-extglob": "^2.1.1"
			},
			"engines": {
				"node": ">=0.10.0"
			}
		},
		"node_modules/is-number": {
			"version": "7.0.0",
			"resolved": "https://registry.npmjs.org/is-number/-/is-number-7.0.0.tgz",
			"integrity": "sha512-41Cifkg6e8TylSpdtTpeLVMqvSBEVzTttHvERD741+pnZ8ANv0004MRL43QKPDlK9cGvNp6NZWZUBlbGXYxxng==",
			"engines": {
				"node": ">=0.12.0"
			}
		},
		"node_modules/jsonc-parser": {
			"version": "2.3.1",
			"resolved": "https://registry.npmjs.org/jsonc-parser/-/jsonc-parser-2.3.1.tgz",
			"integrity": "sha512-H8jvkz1O50L3dMZCsLqiuB2tA7muqbSg1AtGEkN0leAqGjsUzDJir3Zwr02BhqdcITPg3ei3mZ+HjMocAknhhg=="
		},
		"node_modules/lru-cache": {
			"version": "6.0.0",
			"resolved": "https://registry.npmjs.org/lru-cache/-/lru-cache-6.0.0.tgz",
			"integrity": "sha512-Jo6dJ04CmSjuznwJSS3pUeWmd/H0ffTlkXXgwZi+eq1UCmqQwCh+eLsYOYCwY991i2Fah4h1BEMCx4qThGbsiA==",
			"dependencies": {
				"yallist": "^4.0.0"
			},
			"engines": {
				"node": ">=10"
			}
		},
		"node_modules/merge2": {
			"version": "1.4.1",
			"resolved": "https://registry.npmjs.org/merge2/-/merge2-1.4.1.tgz",
			"integrity": "sha512-8q7VEgMJW4J8tcfVPy8g09NcQwZdbwFEqhe/WZkoIzjn/3TGDwtOCYtXGxA3O8tPzpczCCDgv+P2P5y00ZJOOg==",
			"engines": {
				"node": ">= 8"
			}
		},
		"node_modules/micromatch": {
			"version": "4.0.5",
			"resolved": "https://registry.npmjs.org/micromatch/-/micromatch-4.0.5.tgz",
			"integrity": "sha512-DMy+ERcEW2q8Z2Po+WNXuw3c5YaUSFjAO5GsJqfEl7UjvtIuFKO6ZrKvcItdy98dwFI2N1tg3zNIdKaQT+aNdA==",
			"dependencies": {
				"braces": "^3.0.2",
				"picomatch": "^2.3.1"
			},
			"engines": {
				"node": ">=8.6"
			}
		},
		"node_modules/muggle-string": {
			"version": "0.3.1",
			"resolved": "https://registry.npmjs.org/muggle-string/-/muggle-string-0.3.1.tgz",
			"integrity": "sha512-ckmWDJjphvd/FvZawgygcUeQCxzvohjFO5RxTjj4eq8kw359gFF3E1brjfI+viLMxss5JrHTDRHZvu2/tuy0Qg=="
		},
		"node_modules/path-browserify": {
			"version": "1.0.1",
			"resolved": "https://registry.npmjs.org/path-browserify/-/path-browserify-1.0.1.tgz",
			"integrity": "sha512-b7uo2UCUOYZcnF/3ID0lulOJi/bafxa1xPe7ZPsammBSpjSWQkjNxlt635YGS2MiR9GjvuXCtz2emr3jbsz98g=="
		},
		"node_modules/picomatch": {
			"version": "2.3.1",
			"resolved": "https://registry.npmjs.org/picomatch/-/picomatch-2.3.1.tgz",
			"integrity": "sha512-JU3teHTNjmE2VCGFzuY8EXzCDVwEqB2a8fsIvwaStHhAWJEeVd1o1QD80CU6+ZdEXXSLbSsuLwJjkCBWqRQUVA==",
			"engines": {
				"node": ">=8.6"
			},
			"funding": {
				"url": "https://github.com/sponsors/jonschlinkert"
			}
		},
		"node_modules/prettier": {
			"version": "3.0.0",
			"resolved": "https://registry.npmjs.org/prettier/-/prettier-3.0.0.tgz",
			"integrity": "sha512-zBf5eHpwHOGPC47h0zrPyNn+eAEIdEzfywMoYn2XPi0P44Zp0tSq64rq0xAREh4auw2cJZHo9QUob+NqCQky4g==",
			"optional": true,
			"peer": true,
			"bin": {
				"prettier": "bin/prettier.cjs"
			},
			"engines": {
				"node": ">=14"
			},
			"funding": {
				"url": "https://github.com/prettier/prettier?sponsor=1"
			}
		},
		"node_modules/prettier-plugin-astro": {
			"version": "0.12.0",
			"resolved": "https://registry.npmjs.org/prettier-plugin-astro/-/prettier-plugin-astro-0.12.0.tgz",
			"integrity": "sha512-8E+9YQR6/5CPZJs8XsfBw579zrwZkc0Wb7x0fRVm/51JC8Iys4lBw4ecV8fHwpbQnzve86TUa4fJ08BJzqfWnA==",
			"optional": true,
			"peer": true,
			"dependencies": {
				"@astrojs/compiler": "^1.5.5",
				"prettier": "^3.0.0",
				"sass-formatter": "^0.7.6"
			},
			"engines": {
				"node": "^14.15.0 || >=16.0.0"
			}
		},
		"node_modules/queue-microtask": {
			"version": "1.2.3",
			"resolved": "https://registry.npmjs.org/queue-microtask/-/queue-microtask-1.2.3.tgz",
			"integrity": "sha512-NuaNSa6flKT5JaSYQzJok04JzTL1CA6aGhv5rfLW3PgqA+M2ChpZQnAC8h8i4ZFkBS8X5RqkDBHA7r4hej3K9A==",
			"funding": [
				{
					"type": "github",
					"url": "https://github.com/sponsors/feross"
				},
				{
					"type": "patreon",
					"url": "https://www.patreon.com/feross"
				},
				{
					"type": "consulting",
					"url": "https://feross.org/support"
				}
			]
		},
		"node_modules/request-light": {
			"version": "0.7.0",
			"resolved": "https://registry.npmjs.org/request-light/-/request-light-0.7.0.tgz",
			"integrity": "sha512-lMbBMrDoxgsyO+yB3sDcrDuX85yYt7sS8BfQd11jtbW/z5ZWgLZRcEGLsLoYw7I0WSUGQBs8CC8ScIxkTX1+6Q=="
		},
		"node_modules/reusify": {
			"version": "1.0.4",
			"resolved": "https://registry.npmjs.org/reusify/-/reusify-1.0.4.tgz",
			"integrity": "sha512-U9nH88a3fc/ekCF1l0/UP1IosiuIjyTh7hBvXVMHYgVcfGvt897Xguj2UOLDeI5BG2m7/uwyaLVT6fbtCwTyzw==",
			"engines": {
				"iojs": ">=1.0.0",
				"node": ">=0.10.0"
			}
		},
		"node_modules/run-parallel": {
			"version": "1.2.0",
			"resolved": "https://registry.npmjs.org/run-parallel/-/run-parallel-1.2.0.tgz",
			"integrity": "sha512-5l4VyZR86LZ/lDxZTR6jqL8AFE2S0IFLMP26AbjsLVADxHdhB/c0GUsH+y39UfCi3dzz8OlQuPmnaJOMoDHQBA==",
			"funding": [
				{
					"type": "github",
					"url": "https://github.com/sponsors/feross"
				},
				{
					"type": "patreon",
					"url": "https://www.patreon.com/feross"
				},
				{
					"type": "consulting",
					"url": "https://feross.org/support"
				}
			],
			"dependencies": {
				"queue-microtask": "^1.2.2"
			}
		},
		"node_modules/s.color": {
			"version": "0.0.15",
			"resolved": "https://registry.npmjs.org/s.color/-/s.color-0.0.15.tgz",
			"integrity": "sha512-AUNrbEUHeKY8XsYr/DYpl+qk5+aM+DChopnWOPEzn8YKzOhv4l2zH6LzZms3tOZP3wwdOyc0RmTciyi46HLIuA==",
			"optional": true,
			"peer": true
		},
		"node_modules/sass-formatter": {
			"version": "0.7.6",
			"resolved": "https://registry.npmjs.org/sass-formatter/-/sass-formatter-0.7.6.tgz",
			"integrity": "sha512-hXdxU6PCkiV3XAiSnX+XLqz2ohHoEnVUlrd8LEVMAI80uB1+OTScIkH9n6qQwImZpTye1r1WG1rbGUteHNhoHg==",
			"optional": true,
			"peer": true,
			"dependencies": {
				"suf-log": "^2.5.3"
			}
		},
		"node_modules/semver": {
			"version": "7.5.4",
			"resolved": "https://registry.npmjs.org/semver/-/semver-7.5.4.tgz",
			"integrity": "sha512-1bCSESV6Pv+i21Hvpxp3Dx+pSD8lIPt8uVjRrxAUt/nbswYc+tK6Y2btiULjd4+fnq15PX+nqQDC7Oft7WkwcA==",
			"dependencies": {
				"lru-cache": "^6.0.0"
			},
			"bin": {
				"semver": "bin/semver.js"
			},
			"engines": {
				"node": ">=10"
			}
		},
		"node_modules/suf-log": {
			"version": "2.5.3",
			"resolved": "https://registry.npmjs.org/suf-log/-/suf-log-2.5.3.tgz",
			"integrity": "sha512-KvC8OPjzdNOe+xQ4XWJV2whQA0aM1kGVczMQ8+dStAO6KfEB140JEVQ9dE76ONZ0/Ylf67ni4tILPJB41U0eow==",
			"optional": true,
			"peer": true,
			"dependencies": {
				"s.color": "0.0.15"
			}
		},
		"node_modules/to-regex-range": {
			"version": "5.0.1",
			"resolved": "https://registry.npmjs.org/to-regex-range/-/to-regex-range-5.0.1.tgz",
			"integrity": "sha512-65P7iz6X5yEr1cwcgvQxbbIw7Uk3gOy5dIdtZ4rDveLqhrdJP+Li/Hx6tyK0NEb+2GCyneCMJiGqrADCSNk8sQ==",
			"dependencies": {
				"is-number": "^7.0.0"
			},
			"engines": {
				"node": ">=8.0"
			}
		},
		"node_modules/typesafe-path": {
			"version": "0.2.2",
			"resolved": "https://registry.npmjs.org/typesafe-path/-/typesafe-path-0.2.2.tgz",
			"integrity": "sha512-OJabfkAg1WLZSqJAJ0Z6Sdt3utnbzr/jh+NAHoyWHJe8CMSy79Gm085094M9nvTPy22KzTVn5Zq5mbapCI/hPA=="
		},
		"node_modules/typescript": {
			"version": "5.3.3",
			"resolved": "https://registry.npmjs.org/typescript/-/typescript-5.3.3.tgz",
			"integrity": "sha512-pXWcraxM0uxAS+tN0AG/BF2TyqmHO014Z070UsJ+pFvYuRSq8KH8DmWpnbXe0pEPDHXZV3FcAbJkijJ5oNEnWw==",
			"bin": {
				"tsc": "bin/tsc",
				"tsserver": "bin/tsserver"
			},
			"engines": {
				"node": ">=14.17"
			}
		},
		"node_modules/typescript-auto-import-cache": {
			"version": "0.3.0",
			"resolved": "https://registry.npmjs.org/typescript-auto-import-cache/-/typescript-auto-import-cache-0.3.0.tgz",
			"integrity": "sha512-Rq6/q4O9iyqUdjvOoyas7x/Qf9nWUMeqpP3YeTaLA+uECgfy5wOhfOS+SW/+fZ/uI/ZcKaf+2/ZhFzXh8xfofQ==",
			"dependencies": {
				"semver": "^7.3.8"
			}
		},
		"node_modules/volar-service-css": {
			"version": "0.0.16",
			"resolved": "https://registry.npmjs.org/volar-service-css/-/volar-service-css-0.0.16.tgz",
			"integrity": "sha512-gK/XD35t/P3SQrUuS8LMlCnE2ItIk+kXI6gPvBYl1NZ7O+tLH8rUWXA32YgpwNoITxYrm/G1seaq08zs4aiPvg==",
			"dependencies": {
				"vscode-css-languageservice": "^6.2.10",
				"vscode-uri": "^3.0.8"
			},
			"peerDependencies": {
				"@volar/language-service": "~1.10.0"
			},
			"peerDependenciesMeta": {
				"@volar/language-service": {
					"optional": true
				}
			}
		},
		"node_modules/volar-service-emmet": {
			"version": "0.0.16",
			"resolved": "https://registry.npmjs.org/volar-service-emmet/-/volar-service-emmet-0.0.16.tgz",
			"integrity": "sha512-8sWWywzVJOD+PWDArOXDWbiRlM7+peydFhXJT71i4X1WPW32RyPxn6FypvciO+amqpfZP2rXfB9eibIJ+EofSQ==",
			"dependencies": {
				"@vscode/emmet-helper": "^2.9.2",
				"volar-service-html": "0.0.16"
			},
			"peerDependencies": {
				"@volar/language-service": "~1.10.0"
			},
			"peerDependenciesMeta": {
				"@volar/language-service": {
					"optional": true
				}
			}
		},
		"node_modules/volar-service-html": {
			"version": "0.0.16",
			"resolved": "https://registry.npmjs.org/volar-service-html/-/volar-service-html-0.0.16.tgz",
			"integrity": "sha512-/oEXXgry++1CnTXQBUNf9B8MZfTlYZuJfZA7Zx9MN7WS4ZPxk3BFOdal/cXH6RNR2ruNEYr5QTW9rsqtoUscag==",
			"dependencies": {
				"vscode-html-languageservice": "^5.1.0",
				"vscode-uri": "^3.0.8"
			},
			"peerDependencies": {
				"@volar/language-service": "~1.10.0"
			},
			"peerDependenciesMeta": {
				"@volar/language-service": {
					"optional": true
				}
			}
		},
		"node_modules/volar-service-prettier": {
			"version": "0.0.16",
			"resolved": "https://registry.npmjs.org/volar-service-prettier/-/volar-service-prettier-0.0.16.tgz",
			"integrity": "sha512-Kj2ZdwJGEvfYbsHW8Sjrew/7EB4PgRoas4f8yAJzUUVxIC/kvhUwLDxQc8+N2IibomN76asJGWe+i6VZZvgIkw==",
			"peerDependencies": {
				"@volar/language-service": "~1.10.0",
				"prettier": "^2.2 || ^3.0"
			},
			"peerDependenciesMeta": {
				"@volar/language-service": {
					"optional": true
				},
				"prettier": {
					"optional": true
				}
			}
		},
		"node_modules/volar-service-typescript": {
			"version": "0.0.16",
			"resolved": "https://registry.npmjs.org/volar-service-typescript/-/volar-service-typescript-0.0.16.tgz",
			"integrity": "sha512-k/qFKM2oxs/3fhbr/vcBSHnCLZ1HN3Aeh+bGvV9Lc9qIhrNyCVsDFOUJN1Qp4dI72+Y+eFSIDCLHmFEZdsP2EA==",
			"dependencies": {
				"path-browserify": "^1.0.1",
				"semver": "^7.5.4",
				"typescript-auto-import-cache": "^0.3.0",
				"vscode-languageserver-textdocument": "^1.0.11",
				"vscode-nls": "^5.2.0",
				"vscode-uri": "^3.0.8"
			},
			"peerDependencies": {
				"@volar/language-service": "~1.10.0",
				"@volar/typescript": "~1.10.0"
			},
			"peerDependenciesMeta": {
				"@volar/language-service": {
					"optional": true
				}
			}
		},
		"node_modules/volar-service-typescript-twoslash-queries": {
			"version": "0.0.16",
			"resolved": "https://registry.npmjs.org/volar-service-typescript-twoslash-queries/-/volar-service-typescript-twoslash-queries-0.0.16.tgz",
			"integrity": "sha512-0gPrkDTD2bMj2AnSNykOKhfmPnBFE2LS1lF3LWA7qu1ChRnJF0sodwCCbbeNYJ9+yth956ApoU1BVQ8UrMg+yw==",
			"peerDependencies": {
				"@volar/language-service": "~1.10.0"
			},
			"peerDependenciesMeta": {
				"@volar/language-service": {
					"optional": true
				}
			}
		},
		"node_modules/vscode-css-languageservice": {
			"version": "6.2.10",
			"resolved": "https://registry.npmjs.org/vscode-css-languageservice/-/vscode-css-languageservice-6.2.10.tgz",
			"integrity": "sha512-sYUZPku4mQ06AWGCbMyjv2tdR6juBW6hTbVPFwbJvNVzdtEfBioQOgkdXg7yMJNWnXkvWSU1FL2kb4Vxu5Cdyw==",
			"dependencies": {
				"@vscode/l10n": "^0.0.16",
				"vscode-languageserver-textdocument": "^1.0.11",
				"vscode-languageserver-types": "3.17.5",
				"vscode-uri": "^3.0.8"
			}
		},
		"node_modules/vscode-html-languageservice": {
			"version": "5.1.1",
			"resolved": "https://registry.npmjs.org/vscode-html-languageservice/-/vscode-html-languageservice-5.1.1.tgz",
			"integrity": "sha512-JenrspIIG/Q+93R6G3L6HdK96itSisMynE0glURqHpQbL3dKAKzdm8L40lAHNkwJeBg+BBPpAshZKv/38onrTQ==",
			"dependencies": {
				"@vscode/l10n": "^0.0.16",
				"vscode-languageserver-textdocument": "^1.0.11",
				"vscode-languageserver-types": "^3.17.5",
				"vscode-uri": "^3.0.8"
			}
		},
		"node_modules/vscode-jsonrpc": {
			"version": "8.2.0",
			"resolved": "https://registry.npmjs.org/vscode-jsonrpc/-/vscode-jsonrpc-8.2.0.tgz",
			"integrity": "sha512-C+r0eKJUIfiDIfwJhria30+TYWPtuHJXHtI7J0YlOmKAo7ogxP20T0zxB7HZQIFhIyvoBPwWskjxrvAtfjyZfA==",
			"engines": {
				"node": ">=14.0.0"
			}
		},
		"node_modules/vscode-languageserver": {
			"version": "9.0.1",
			"resolved": "https://registry.npmjs.org/vscode-languageserver/-/vscode-languageserver-9.0.1.tgz",
			"integrity": "sha512-woByF3PDpkHFUreUa7Hos7+pUWdeWMXRd26+ZX2A8cFx6v/JPTtd4/uN0/jB6XQHYaOlHbio03NTHCqrgG5n7g==",
			"dependencies": {
				"vscode-languageserver-protocol": "3.17.5"
			},
			"bin": {
				"installServerIntoExtension": "bin/installServerIntoExtension"
			}
		},
		"node_modules/vscode-languageserver-protocol": {
			"version": "3.17.5",
			"resolved": "https://registry.npmjs.org/vscode-languageserver-protocol/-/vscode-languageserver-protocol-3.17.5.tgz",
			"integrity": "sha512-mb1bvRJN8SVznADSGWM9u/b07H7Ecg0I3OgXDuLdn307rl/J3A9YD6/eYOssqhecL27hK1IPZAsaqh00i/Jljg==",
			"dependencies": {
				"vscode-jsonrpc": "8.2.0",
				"vscode-languageserver-types": "3.17.5"
			}
		},
		"node_modules/vscode-languageserver-textdocument": {
			"version": "1.0.11",
			"resolved": "https://registry.npmjs.org/vscode-languageserver-textdocument/-/vscode-languageserver-textdocument-1.0.11.tgz",
			"integrity": "sha512-X+8T3GoiwTVlJbicx/sIAF+yuJAqz8VvwJyoMVhwEMoEKE/fkDmrqUgDMyBECcM2A2frVZIUj5HI/ErRXCfOeA=="
		},
		"node_modules/vscode-languageserver-types": {
			"version": "3.17.5",
			"resolved": "https://registry.npmjs.org/vscode-languageserver-types/-/vscode-languageserver-types-3.17.5.tgz",
			"integrity": "sha512-Ld1VelNuX9pdF39h2Hgaeb5hEZM2Z3jUrrMgWQAu82jMtZp7p3vJT3BzToKtZI7NgQssZje5o0zryOrhQvzQAg=="
		},
		"node_modules/vscode-nls": {
			"version": "5.2.0",
			"resolved": "https://registry.npmjs.org/vscode-nls/-/vscode-nls-5.2.0.tgz",
			"integrity": "sha512-RAaHx7B14ZU04EU31pT+rKz2/zSl7xMsfIZuo8pd+KZO6PXtQmpevpq3vxvWNcrGbdmhM/rr5Uw5Mz+NBfhVng=="
		},
		"node_modules/vscode-uri": {
			"version": "3.0.8",
			"resolved": "https://registry.npmjs.org/vscode-uri/-/vscode-uri-3.0.8.tgz",
			"integrity": "sha512-AyFQ0EVmsOZOlAnxoFOGOq1SQDWAB7C6aqMGS23svWAllfOaxbuFvcT8D1i8z3Gyn8fraVeZNNmN6e9bxxXkKw=="
		},
		"node_modules/yallist": {
			"version": "4.0.0",
			"resolved": "https://registry.npmjs.org/yallist/-/yallist-4.0.0.tgz",
			"integrity": "sha512-3wdGidZyq5PB084XLES5TpOSRA3wjXAlIWMhum2kRcv/41Sn2emQ0dycQW4uZXLejwKvg6EsvbdlVL+FYEct7A=="
		}
	},
	"dependencies": {
		"@astrojs/compiler": {
			"version": "1.5.7",
			"resolved": "https://registry.npmjs.org/@astrojs/compiler/-/compiler-1.5.7.tgz",
			"integrity": "sha512-dFU7GAMbpTUGPkRoCoMQrGFlTe3qIiQMSOxIXp/nB1Do4My9uogjEmBHdR5Cwr4i6rc5/1R3Od9v8kU/pkHXGQ==",
			"optional": true,
			"peer": true
		},
		"@astrojs/language-server": {
			"version": "2.5.5",
			"resolved": "https://registry.npmjs.org/@astrojs/language-server/-/language-server-2.5.5.tgz",
			"integrity": "sha512-hk7a8S7bpf//BOA6mMjiYqi/eiYtGPfUfw59eVXdutdRFdwDHtu4jcsLu43ZaId56pAcE8qFjIvJxySvzcxiUA==",
			"requires": {
				"@astrojs/compiler": "^2.2.2",
				"@jridgewell/sourcemap-codec": "^1.4.15",
				"@volar/kit": "~1.10.9",
				"@volar/language-core": "~1.10.9",
				"@volar/language-server": "~1.10.9",
				"@volar/language-service": "~1.10.9",
				"@volar/source-map": "~1.10.9",
				"@volar/typescript": "~1.10.9",
				"fast-glob": "^3.2.12",
				"muggle-string": "^0.3.1",
				"volar-service-css": "0.0.16",
				"volar-service-emmet": "0.0.16",
				"volar-service-html": "0.0.16",
				"volar-service-prettier": "0.0.16",
				"volar-service-typescript": "0.0.16",
				"volar-service-typescript-twoslash-queries": "0.0.16",
				"vscode-html-languageservice": "^5.1.0",
				"vscode-uri": "^3.0.8"
			},
			"dependencies": {
				"@astrojs/compiler": {
					"version": "2.2.2",
					"resolved": "https://registry.npmjs.org/@astrojs/compiler/-/compiler-2.2.2.tgz",
					"integrity": "sha512-nJaEgq0EP1mybaW1PvNnnp4RxVQnaLajUYnqrqxFbIdu1ELbH6OxNuAJWI+/q9TbMP6NG/eK6WRMhQsxX6qkUQ=="
				}
			}
		},
		"@emmetio/abbreviation": {
			"version": "2.3.3",
			"resolved": "https://registry.npmjs.org/@emmetio/abbreviation/-/abbreviation-2.3.3.tgz",
			"integrity": "sha512-mgv58UrU3rh4YgbE/TzgLQwJ3pFsHHhCLqY20aJq+9comytTXUDNGG/SMtSeMJdkpxgXSXunBGLD8Boka3JyVA==",
			"requires": {
				"@emmetio/scanner": "^1.0.4"
			}
		},
		"@emmetio/css-abbreviation": {
			"version": "2.1.8",
			"resolved": "https://registry.npmjs.org/@emmetio/css-abbreviation/-/css-abbreviation-2.1.8.tgz",
			"integrity": "sha512-s9yjhJ6saOO/uk1V74eifykk2CBYi01STTK3WlXWGOepyKa23ymJ053+DNQjpFcy1ingpaO7AxCcwLvHFY9tuw==",
			"requires": {
				"@emmetio/scanner": "^1.0.4"
			}
		},
		"@emmetio/scanner": {
			"version": "1.0.4",
			"resolved": "https://registry.npmjs.org/@emmetio/scanner/-/scanner-1.0.4.tgz",
			"integrity": "sha512-IqRuJtQff7YHHBk4G8YZ45uB9BaAGcwQeVzgj/zj8/UdOhtQpEIupUhSk8dys6spFIWVZVeK20CzGEnqR5SbqA=="
		},
		"@jridgewell/sourcemap-codec": {
			"version": "1.4.15",
			"resolved": "https://registry.npmjs.org/@jridgewell/sourcemap-codec/-/sourcemap-codec-1.4.15.tgz",
			"integrity": "sha512-eF2rxCRulEKXHTRiDrDy6erMYWqNw4LPdQ8UQA4huuxaQsVeRPFl2oM8oDGxMFhJUWZf9McpLtJasDDZb/Bpeg=="
		},
		"@nodelib/fs.scandir": {
			"version": "2.1.5",
			"resolved": "https://registry.npmjs.org/@nodelib/fs.scandir/-/fs.scandir-2.1.5.tgz",
			"integrity": "sha512-vq24Bq3ym5HEQm2NKCr3yXDwjc7vTsEThRDnkp2DK9p1uqLR+DHurm/NOTo0KG7HYHU7eppKZj3MyqYuMBf62g==",
			"requires": {
				"@nodelib/fs.stat": "2.0.5",
				"run-parallel": "^1.1.9"
			}
		},
		"@nodelib/fs.stat": {
			"version": "2.0.5",
			"resolved": "https://registry.npmjs.org/@nodelib/fs.stat/-/fs.stat-2.0.5.tgz",
			"integrity": "sha512-RkhPPp2zrqDAQA/2jNhnztcPAlv64XdhIp7a7454A5ovI7Bukxgt7MX7udwAu3zg1DcpPU0rz3VV1SeaqvY4+A=="
		},
		"@nodelib/fs.walk": {
			"version": "1.2.8",
			"resolved": "https://registry.npmjs.org/@nodelib/fs.walk/-/fs.walk-1.2.8.tgz",
			"integrity": "sha512-oGB+UxlgWcgQkgwo8GcEGwemoTFt3FIO9ababBmaGwXIoBKZ+GTy0pP185beGg7Llih/NSHSV2XAs1lnznocSg==",
			"requires": {
				"@nodelib/fs.scandir": "2.1.5",
				"fastq": "^1.6.0"
			}
		},
		"@volar/kit": {
			"version": "1.10.10",
			"resolved": "https://registry.npmjs.org/@volar/kit/-/kit-1.10.10.tgz",
			"integrity": "sha512-V2SyUPCPUhueqH8j5t48LJ0QsjExGSXzTv/XOdkUHV7hJ/ekyRGFqKxcfBtMq/nK6Tgu2G1ba+6u0d7e6wKcQw==",
			"requires": {
				"@volar/language-service": "1.10.10",
				"typesafe-path": "^0.2.2",
				"vscode-languageserver-textdocument": "^1.0.11",
				"vscode-uri": "^3.0.8"
			}
		},
		"@volar/language-core": {
			"version": "1.10.10",
			"resolved": "https://registry.npmjs.org/@volar/language-core/-/language-core-1.10.10.tgz",
			"integrity": "sha512-nsV1o3AZ5n5jaEAObrS3MWLBWaGwUj/vAsc15FVNIv+DbpizQRISg9wzygsHBr56ELRH8r4K75vkYNMtsSNNWw==",
			"requires": {
				"@volar/source-map": "1.10.10"
			}
		},
		"@volar/language-server": {
			"version": "1.10.10",
			"resolved": "https://registry.npmjs.org/@volar/language-server/-/language-server-1.10.10.tgz",
			"integrity": "sha512-F2PRBU+CRjT7L9qe8bjof/uz/LbAXVmgwNU2gOSX2y1bUl3E8DHmD0dB6pwIVublvkx+Ivg/0r3Z6oyxfPPruQ==",
			"requires": {
				"@volar/language-core": "1.10.10",
				"@volar/language-service": "1.10.10",
				"@volar/typescript": "1.10.10",
				"@vscode/l10n": "^0.0.16",
				"path-browserify": "^1.0.1",
				"request-light": "^0.7.0",
				"vscode-languageserver": "^9.0.1",
				"vscode-languageserver-protocol": "^3.17.5",
				"vscode-languageserver-textdocument": "^1.0.11",
				"vscode-uri": "^3.0.8"
			}
		},
		"@volar/language-service": {
			"version": "1.10.10",
			"resolved": "https://registry.npmjs.org/@volar/language-service/-/language-service-1.10.10.tgz",
			"integrity": "sha512-P4fiPWDI6fLGO6BghlksCVHs1nr9gvWAMDyma3Bca4aowxXusxjUVTsnJq0EVorIN5uIr1Xel4B/tNdXt/IKyw==",
			"requires": {
				"@volar/language-core": "1.10.10",
				"@volar/source-map": "1.10.10",
				"vscode-languageserver-protocol": "^3.17.5",
				"vscode-languageserver-textdocument": "^1.0.11",
				"vscode-uri": "^3.0.8"
			}
		},
		"@volar/source-map": {
			"version": "1.10.10",
			"resolved": "https://registry.npmjs.org/@volar/source-map/-/source-map-1.10.10.tgz",
			"integrity": "sha512-GVKjLnifV4voJ9F0vhP56p4+F3WGf+gXlRtjFZsv6v3WxBTWU3ZVeaRaEHJmWrcv5LXmoYYpk/SC25BKemPRkg==",
			"requires": {
				"muggle-string": "^0.3.1"
			}
		},
		"@volar/typescript": {
			"version": "1.10.10",
			"resolved": "https://registry.npmjs.org/@volar/typescript/-/typescript-1.10.10.tgz",
			"integrity": "sha512-4a2r5bdUub2m+mYVnLu2wt59fuoYWe7nf0uXtGHU8QQ5LDNfzAR0wK7NgDiQ9rcl2WT3fxT2AA9AylAwFtj50A==",
			"requires": {
				"@volar/language-core": "1.10.10",
				"path-browserify": "^1.0.1"
			}
		},
		"@vscode/emmet-helper": {
			"version": "2.9.2",
			"resolved": "https://registry.npmjs.org/@vscode/emmet-helper/-/emmet-helper-2.9.2.tgz",
			"integrity": "sha512-MaGuyW+fa13q3aYsluKqclmh62Hgp0BpKIqS66fCxfOaBcVQ1OnMQxRRgQUYnCkxFISAQlkJ0qWWPyXjro1Qrg==",
			"requires": {
				"emmet": "^2.4.3",
				"jsonc-parser": "^2.3.0",
				"vscode-languageserver-textdocument": "^1.0.1",
				"vscode-languageserver-types": "^3.15.1",
				"vscode-uri": "^2.1.2"
			},
			"dependencies": {
				"vscode-uri": {
					"version": "2.1.2",
					"resolved": "https://registry.npmjs.org/vscode-uri/-/vscode-uri-2.1.2.tgz",
					"integrity": "sha512-8TEXQxlldWAuIODdukIb+TR5s+9Ds40eSJrw+1iDDA9IFORPjMELarNQE3myz5XIkWWpdprmJjm1/SxMlWOC8A=="
				}
			}
		},
		"@vscode/l10n": {
			"version": "0.0.16",
			"resolved": "https://registry.npmjs.org/@vscode/l10n/-/l10n-0.0.16.tgz",
			"integrity": "sha512-JT5CvrIYYCrmB+dCana8sUqJEcGB1ZDXNLMQ2+42bW995WmNoenijWMUdZfwmuQUTQcEVVIa2OecZzTYWUW9Cg=="
		},
		"braces": {
			"version": "3.0.2",
			"resolved": "https://registry.npmjs.org/braces/-/braces-3.0.2.tgz",
			"integrity": "sha512-b8um+L1RzM3WDSzvhm6gIz1yfTbBt6YTlcEKAvsmqCZZFw46z626lVj9j1yEPW33H5H+lBQpZMP1k8l+78Ha0A==",
			"requires": {
				"fill-range": "^7.0.1"
			}
		},
		"emmet": {
			"version": "2.4.6",
			"resolved": "https://registry.npmjs.org/emmet/-/emmet-2.4.6.tgz",
			"integrity": "sha512-dJfbdY/hfeTyf/Ef7Y7ubLYzkBvPQ912wPaeVYpAxvFxkEBf/+hJu4H6vhAvFN6HlxqedlfVn2x1S44FfQ97pg==",
			"requires": {
				"@emmetio/abbreviation": "^2.3.3",
				"@emmetio/css-abbreviation": "^2.1.8"
			}
		},
		"fast-glob": {
			"version": "3.2.12",
			"resolved": "https://registry.npmjs.org/fast-glob/-/fast-glob-3.2.12.tgz",
			"integrity": "sha512-DVj4CQIYYow0BlaelwK1pHl5n5cRSJfM60UA0zK891sVInoPri2Ekj7+e1CT3/3qxXenpI+nBBmQAcJPJgaj4w==",
			"requires": {
				"@nodelib/fs.stat": "^2.0.2",
				"@nodelib/fs.walk": "^1.2.3",
				"glob-parent": "^5.1.2",
				"merge2": "^1.3.0",
				"micromatch": "^4.0.4"
			}
		},
		"fastq": {
			"version": "1.15.0",
			"resolved": "https://registry.npmjs.org/fastq/-/fastq-1.15.0.tgz",
			"integrity": "sha512-wBrocU2LCXXa+lWBt8RoIRD89Fi8OdABODa/kEnyeyjS5aZO5/GNvI5sEINADqP/h8M29UHTHUb53sUu5Ihqdw==",
			"requires": {
				"reusify": "^1.0.4"
			}
		},
		"fill-range": {
			"version": "7.0.1",
			"resolved": "https://registry.npmjs.org/fill-range/-/fill-range-7.0.1.tgz",
			"integrity": "sha512-qOo9F+dMUmC2Lcb4BbVvnKJxTPjCm+RRpe4gDuGrzkL7mEVl/djYSu2OdQ2Pa302N4oqkSg9ir6jaLWJ2USVpQ==",
			"requires": {
				"to-regex-range": "^5.0.1"
			}
		},
		"glob-parent": {
			"version": "5.1.2",
			"resolved": "https://registry.npmjs.org/glob-parent/-/glob-parent-5.1.2.tgz",
			"integrity": "sha512-AOIgSQCepiJYwP3ARnGx+5VnTu2HBYdzbGP45eLw1vr3zB3vZLeyed1sC9hnbcOc9/SrMyM5RPQrkGz4aS9Zow==",
			"requires": {
				"is-glob": "^4.0.1"
			}
		},
		"is-extglob": {
			"version": "2.1.1",
			"resolved": "https://registry.npmjs.org/is-extglob/-/is-extglob-2.1.1.tgz",
			"integrity": "sha512-SbKbANkN603Vi4jEZv49LeVJMn4yGwsbzZworEoyEiutsN3nJYdbO36zfhGJ6QEDpOZIFkDtnq5JRxmvl3jsoQ=="
		},
		"is-glob": {
			"version": "4.0.3",
			"resolved": "https://registry.npmjs.org/is-glob/-/is-glob-4.0.3.tgz",
			"integrity": "sha512-xelSayHH36ZgE7ZWhli7pW34hNbNl8Ojv5KVmkJD4hBdD3th8Tfk9vYasLM+mXWOZhFkgZfxhLSnrwRr4elSSg==",
			"requires": {
				"is-extglob": "^2.1.1"
			}
		},
		"is-number": {
			"version": "7.0.0",
			"resolved": "https://registry.npmjs.org/is-number/-/is-number-7.0.0.tgz",
			"integrity": "sha512-41Cifkg6e8TylSpdtTpeLVMqvSBEVzTttHvERD741+pnZ8ANv0004MRL43QKPDlK9cGvNp6NZWZUBlbGXYxxng=="
		},
		"jsonc-parser": {
			"version": "2.3.1",
			"resolved": "https://registry.npmjs.org/jsonc-parser/-/jsonc-parser-2.3.1.tgz",
			"integrity": "sha512-H8jvkz1O50L3dMZCsLqiuB2tA7muqbSg1AtGEkN0leAqGjsUzDJir3Zwr02BhqdcITPg3ei3mZ+HjMocAknhhg=="
		},
		"lru-cache": {
			"version": "6.0.0",
			"resolved": "https://registry.npmjs.org/lru-cache/-/lru-cache-6.0.0.tgz",
			"integrity": "sha512-Jo6dJ04CmSjuznwJSS3pUeWmd/H0ffTlkXXgwZi+eq1UCmqQwCh+eLsYOYCwY991i2Fah4h1BEMCx4qThGbsiA==",
			"requires": {
				"yallist": "^4.0.0"
			}
		},
		"merge2": {
			"version": "1.4.1",
			"resolved": "https://registry.npmjs.org/merge2/-/merge2-1.4.1.tgz",
			"integrity": "sha512-8q7VEgMJW4J8tcfVPy8g09NcQwZdbwFEqhe/WZkoIzjn/3TGDwtOCYtXGxA3O8tPzpczCCDgv+P2P5y00ZJOOg=="
		},
		"micromatch": {
			"version": "4.0.5",
			"resolved": "https://registry.npmjs.org/micromatch/-/micromatch-4.0.5.tgz",
			"integrity": "sha512-DMy+ERcEW2q8Z2Po+WNXuw3c5YaUSFjAO5GsJqfEl7UjvtIuFKO6ZrKvcItdy98dwFI2N1tg3zNIdKaQT+aNdA==",
			"requires": {
				"braces": "^3.0.2",
				"picomatch": "^2.3.1"
			}
		},
		"muggle-string": {
			"version": "0.3.1",
			"resolved": "https://registry.npmjs.org/muggle-string/-/muggle-string-0.3.1.tgz",
			"integrity": "sha512-ckmWDJjphvd/FvZawgygcUeQCxzvohjFO5RxTjj4eq8kw359gFF3E1brjfI+viLMxss5JrHTDRHZvu2/tuy0Qg=="
		},
		"path-browserify": {
			"version": "1.0.1",
			"resolved": "https://registry.npmjs.org/path-browserify/-/path-browserify-1.0.1.tgz",
			"integrity": "sha512-b7uo2UCUOYZcnF/3ID0lulOJi/bafxa1xPe7ZPsammBSpjSWQkjNxlt635YGS2MiR9GjvuXCtz2emr3jbsz98g=="
		},
		"picomatch": {
			"version": "2.3.1",
			"resolved": "https://registry.npmjs.org/picomatch/-/picomatch-2.3.1.tgz",
			"integrity": "sha512-JU3teHTNjmE2VCGFzuY8EXzCDVwEqB2a8fsIvwaStHhAWJEeVd1o1QD80CU6+ZdEXXSLbSsuLwJjkCBWqRQUVA=="
		},
		"prettier": {
			"version": "3.0.0",
			"resolved": "https://registry.npmjs.org/prettier/-/prettier-3.0.0.tgz",
			"integrity": "sha512-zBf5eHpwHOGPC47h0zrPyNn+eAEIdEzfywMoYn2XPi0P44Zp0tSq64rq0xAREh4auw2cJZHo9QUob+NqCQky4g==",
			"optional": true,
			"peer": true
		},
		"prettier-plugin-astro": {
			"version": "0.12.0",
			"resolved": "https://registry.npmjs.org/prettier-plugin-astro/-/prettier-plugin-astro-0.12.0.tgz",
			"integrity": "sha512-8E+9YQR6/5CPZJs8XsfBw579zrwZkc0Wb7x0fRVm/51JC8Iys4lBw4ecV8fHwpbQnzve86TUa4fJ08BJzqfWnA==",
			"optional": true,
			"peer": true,
			"requires": {
				"@astrojs/compiler": "^1.5.5",
				"prettier": "^3.0.0",
				"sass-formatter": "^0.7.6"
			}
		},
		"queue-microtask": {
			"version": "1.2.3",
			"resolved": "https://registry.npmjs.org/queue-microtask/-/queue-microtask-1.2.3.tgz",
			"integrity": "sha512-NuaNSa6flKT5JaSYQzJok04JzTL1CA6aGhv5rfLW3PgqA+M2ChpZQnAC8h8i4ZFkBS8X5RqkDBHA7r4hej3K9A=="
		},
		"request-light": {
			"version": "0.7.0",
			"resolved": "https://registry.npmjs.org/request-light/-/request-light-0.7.0.tgz",
			"integrity": "sha512-lMbBMrDoxgsyO+yB3sDcrDuX85yYt7sS8BfQd11jtbW/z5ZWgLZRcEGLsLoYw7I0WSUGQBs8CC8ScIxkTX1+6Q=="
		},
		"reusify": {
			"version": "1.0.4",
			"resolved": "https://registry.npmjs.org/reusify/-/reusify-1.0.4.tgz",
			"integrity": "sha512-U9nH88a3fc/ekCF1l0/UP1IosiuIjyTh7hBvXVMHYgVcfGvt897Xguj2UOLDeI5BG2m7/uwyaLVT6fbtCwTyzw=="
		},
		"run-parallel": {
			"version": "1.2.0",
			"resolved": "https://registry.npmjs.org/run-parallel/-/run-parallel-1.2.0.tgz",
			"integrity": "sha512-5l4VyZR86LZ/lDxZTR6jqL8AFE2S0IFLMP26AbjsLVADxHdhB/c0GUsH+y39UfCi3dzz8OlQuPmnaJOMoDHQBA==",
			"requires": {
				"queue-microtask": "^1.2.2"
			}
		},
		"s.color": {
			"version": "0.0.15",
			"resolved": "https://registry.npmjs.org/s.color/-/s.color-0.0.15.tgz",
			"integrity": "sha512-AUNrbEUHeKY8XsYr/DYpl+qk5+aM+DChopnWOPEzn8YKzOhv4l2zH6LzZms3tOZP3wwdOyc0RmTciyi46HLIuA==",
			"optional": true,
			"peer": true
		},
		"sass-formatter": {
			"version": "0.7.6",
			"resolved": "https://registry.npmjs.org/sass-formatter/-/sass-formatter-0.7.6.tgz",
			"integrity": "sha512-hXdxU6PCkiV3XAiSnX+XLqz2ohHoEnVUlrd8LEVMAI80uB1+OTScIkH9n6qQwImZpTye1r1WG1rbGUteHNhoHg==",
			"optional": true,
			"peer": true,
			"requires": {
				"suf-log": "^2.5.3"
			}
		},
		"semver": {
			"version": "7.5.4",
			"resolved": "https://registry.npmjs.org/semver/-/semver-7.5.4.tgz",
			"integrity": "sha512-1bCSESV6Pv+i21Hvpxp3Dx+pSD8lIPt8uVjRrxAUt/nbswYc+tK6Y2btiULjd4+fnq15PX+nqQDC7Oft7WkwcA==",
			"requires": {
				"lru-cache": "^6.0.0"
			}
		},
		"suf-log": {
			"version": "2.5.3",
			"resolved": "https://registry.npmjs.org/suf-log/-/suf-log-2.5.3.tgz",
			"integrity": "sha512-KvC8OPjzdNOe+xQ4XWJV2whQA0aM1kGVczMQ8+dStAO6KfEB140JEVQ9dE76ONZ0/Ylf67ni4tILPJB41U0eow==",
			"optional": true,
			"peer": true,
			"requires": {
				"s.color": "0.0.15"
			}
		},
		"to-regex-range": {
			"version": "5.0.1",
			"resolved": "https://registry.npmjs.org/to-regex-range/-/to-regex-range-5.0.1.tgz",
			"integrity": "sha512-65P7iz6X5yEr1cwcgvQxbbIw7Uk3gOy5dIdtZ4rDveLqhrdJP+Li/Hx6tyK0NEb+2GCyneCMJiGqrADCSNk8sQ==",
			"requires": {
				"is-number": "^7.0.0"
			}
		},
		"typesafe-path": {
			"version": "0.2.2",
			"resolved": "https://registry.npmjs.org/typesafe-path/-/typesafe-path-0.2.2.tgz",
			"integrity": "sha512-OJabfkAg1WLZSqJAJ0Z6Sdt3utnbzr/jh+NAHoyWHJe8CMSy79Gm085094M9nvTPy22KzTVn5Zq5mbapCI/hPA=="
		},
		"typescript": {
			"version": "5.3.3",
			"resolved": "https://registry.npmjs.org/typescript/-/typescript-5.3.3.tgz",
			"integrity": "sha512-pXWcraxM0uxAS+tN0AG/BF2TyqmHO014Z070UsJ+pFvYuRSq8KH8DmWpnbXe0pEPDHXZV3FcAbJkijJ5oNEnWw=="
		},
		"typescript-auto-import-cache": {
			"version": "0.3.0",
			"resolved": "https://registry.npmjs.org/typescript-auto-import-cache/-/typescript-auto-import-cache-0.3.0.tgz",
			"integrity": "sha512-Rq6/q4O9iyqUdjvOoyas7x/Qf9nWUMeqpP3YeTaLA+uECgfy5wOhfOS+SW/+fZ/uI/ZcKaf+2/ZhFzXh8xfofQ==",
			"requires": {
				"semver": "^7.3.8"
			}
		},
		"volar-service-css": {
			"version": "0.0.16",
			"resolved": "https://registry.npmjs.org/volar-service-css/-/volar-service-css-0.0.16.tgz",
			"integrity": "sha512-gK/XD35t/P3SQrUuS8LMlCnE2ItIk+kXI6gPvBYl1NZ7O+tLH8rUWXA32YgpwNoITxYrm/G1seaq08zs4aiPvg==",
			"requires": {
				"vscode-css-languageservice": "^6.2.10",
				"vscode-uri": "^3.0.8"
			}
		},
		"volar-service-emmet": {
			"version": "0.0.16",
			"resolved": "https://registry.npmjs.org/volar-service-emmet/-/volar-service-emmet-0.0.16.tgz",
			"integrity": "sha512-8sWWywzVJOD+PWDArOXDWbiRlM7+peydFhXJT71i4X1WPW32RyPxn6FypvciO+amqpfZP2rXfB9eibIJ+EofSQ==",
			"requires": {
				"@vscode/emmet-helper": "^2.9.2",
				"volar-service-html": "0.0.16"
			}
		},
		"volar-service-html": {
			"version": "0.0.16",
			"resolved": "https://registry.npmjs.org/volar-service-html/-/volar-service-html-0.0.16.tgz",
			"integrity": "sha512-/oEXXgry++1CnTXQBUNf9B8MZfTlYZuJfZA7Zx9MN7WS4ZPxk3BFOdal/cXH6RNR2ruNEYr5QTW9rsqtoUscag==",
			"requires": {
				"vscode-html-languageservice": "^5.1.0",
				"vscode-uri": "^3.0.8"
			}
		},
		"volar-service-prettier": {
			"version": "0.0.16",
			"resolved": "https://registry.npmjs.org/volar-service-prettier/-/volar-service-prettier-0.0.16.tgz",
			"integrity": "sha512-Kj2ZdwJGEvfYbsHW8Sjrew/7EB4PgRoas4f8yAJzUUVxIC/kvhUwLDxQc8+N2IibomN76asJGWe+i6VZZvgIkw==",
			"requires": {}
		},
		"volar-service-typescript": {
			"version": "0.0.16",
			"resolved": "https://registry.npmjs.org/volar-service-typescript/-/volar-service-typescript-0.0.16.tgz",
			"integrity": "sha512-k/qFKM2oxs/3fhbr/vcBSHnCLZ1HN3Aeh+bGvV9Lc9qIhrNyCVsDFOUJN1Qp4dI72+Y+eFSIDCLHmFEZdsP2EA==",
			"requires": {
				"path-browserify": "^1.0.1",
				"semver": "^7.5.4",
				"typescript-auto-import-cache": "^0.3.0",
				"vscode-languageserver-textdocument": "^1.0.11",
				"vscode-nls": "^5.2.0",
				"vscode-uri": "^3.0.8"
			}
		},
		"volar-service-typescript-twoslash-queries": {
			"version": "0.0.16",
			"resolved": "https://registry.npmjs.org/volar-service-typescript-twoslash-queries/-/volar-service-typescript-twoslash-queries-0.0.16.tgz",
			"integrity": "sha512-0gPrkDTD2bMj2AnSNykOKhfmPnBFE2LS1lF3LWA7qu1ChRnJF0sodwCCbbeNYJ9+yth956ApoU1BVQ8UrMg+yw==",
			"requires": {}
		},
		"vscode-css-languageservice": {
			"version": "6.2.10",
			"resolved": "https://registry.npmjs.org/vscode-css-languageservice/-/vscode-css-languageservice-6.2.10.tgz",
			"integrity": "sha512-sYUZPku4mQ06AWGCbMyjv2tdR6juBW6hTbVPFwbJvNVzdtEfBioQOgkdXg7yMJNWnXkvWSU1FL2kb4Vxu5Cdyw==",
			"requires": {
				"@vscode/l10n": "^0.0.16",
				"vscode-languageserver-textdocument": "^1.0.11",
				"vscode-languageserver-types": "3.17.5",
				"vscode-uri": "^3.0.8"
			}
		},
		"vscode-html-languageservice": {
			"version": "5.1.1",
			"resolved": "https://registry.npmjs.org/vscode-html-languageservice/-/vscode-html-languageservice-5.1.1.tgz",
			"integrity": "sha512-JenrspIIG/Q+93R6G3L6HdK96itSisMynE0glURqHpQbL3dKAKzdm8L40lAHNkwJeBg+BBPpAshZKv/38onrTQ==",
			"requires": {
				"@vscode/l10n": "^0.0.16",
				"vscode-languageserver-textdocument": "^1.0.11",
				"vscode-languageserver-types": "^3.17.5",
				"vscode-uri": "^3.0.8"
			}
		},
		"vscode-jsonrpc": {
			"version": "8.2.0",
			"resolved": "https://registry.npmjs.org/vscode-jsonrpc/-/vscode-jsonrpc-8.2.0.tgz",
			"integrity": "sha512-C+r0eKJUIfiDIfwJhria30+TYWPtuHJXHtI7J0YlOmKAo7ogxP20T0zxB7HZQIFhIyvoBPwWskjxrvAtfjyZfA=="
		},
		"vscode-languageserver": {
			"version": "9.0.1",
			"resolved": "https://registry.npmjs.org/vscode-languageserver/-/vscode-languageserver-9.0.1.tgz",
			"integrity": "sha512-woByF3PDpkHFUreUa7Hos7+pUWdeWMXRd26+ZX2A8cFx6v/JPTtd4/uN0/jB6XQHYaOlHbio03NTHCqrgG5n7g==",
			"requires": {
				"vscode-languageserver-protocol": "3.17.5"
			}
		},
		"vscode-languageserver-protocol": {
			"version": "3.17.5",
			"resolved": "https://registry.npmjs.org/vscode-languageserver-protocol/-/vscode-languageserver-protocol-3.17.5.tgz",
			"integrity": "sha512-mb1bvRJN8SVznADSGWM9u/b07H7Ecg0I3OgXDuLdn307rl/J3A9YD6/eYOssqhecL27hK1IPZAsaqh00i/Jljg==",
			"requires": {
				"vscode-jsonrpc": "8.2.0",
				"vscode-languageserver-types": "3.17.5"
			}
		},
		"vscode-languageserver-textdocument": {
			"version": "1.0.11",
			"resolved": "https://registry.npmjs.org/vscode-languageserver-textdocument/-/vscode-languageserver-textdocument-1.0.11.tgz",
			"integrity": "sha512-X+8T3GoiwTVlJbicx/sIAF+yuJAqz8VvwJyoMVhwEMoEKE/fkDmrqUgDMyBECcM2A2frVZIUj5HI/ErRXCfOeA=="
		},
		"vscode-languageserver-types": {
			"version": "3.17.5",
			"resolved": "https://registry.npmjs.org/vscode-languageserver-types/-/vscode-languageserver-types-3.17.5.tgz",
			"integrity": "sha512-Ld1VelNuX9pdF39h2Hgaeb5hEZM2Z3jUrrMgWQAu82jMtZp7p3vJT3BzToKtZI7NgQssZje5o0zryOrhQvzQAg=="
		},
		"vscode-nls": {
			"version": "5.2.0",
			"resolved": "https://registry.npmjs.org/vscode-nls/-/vscode-nls-5.2.0.tgz",
			"integrity": "sha512-RAaHx7B14ZU04EU31pT+rKz2/zSl7xMsfIZuo8pd+KZO6PXtQmpevpq3vxvWNcrGbdmhM/rr5Uw5Mz+NBfhVng=="
		},
		"vscode-uri": {
			"version": "3.0.8",
			"resolved": "https://registry.npmjs.org/vscode-uri/-/vscode-uri-3.0.8.tgz",
			"integrity": "sha512-AyFQ0EVmsOZOlAnxoFOGOq1SQDWAB7C6aqMGS23svWAllfOaxbuFvcT8D1i8z3Gyn8fraVeZNNmN6e9bxxXkKw=="
		},
		"yallist": {
			"version": "4.0.0",
			"resolved": "https://registry.npmjs.org/yallist/-/yallist-4.0.0.tgz",
			"integrity": "sha512-3wdGidZyq5PB084XLES5TpOSRA3wjXAlIWMhum2kRcv/41Sn2emQ0dycQW4uZXLejwKvg6EsvbdlVL+FYEct7A=="
		}
	}
}
