{
	"name": "sublime-astro",
	"version": "1.0.0",
	"lockfileVersion": 2,
	"requires": true,
	"packages": {
		"": {
			"name": "sublime-astro",
			"version": "1.0.0",
			"dependencies": {
				"@astrojs/language-server": "^0.23.0"
			}
		},
		"node_modules/@astrojs/compiler": {
			"version": "0.23.4",
			"resolved": "https://registry.npmjs.org/@astrojs/compiler/-/compiler-0.23.4.tgz",
			"integrity": "sha512-vNZIa5Tf5nOqBEGJvM6xyYBnGcz4MAp+bBPnyVI0UYRjsIWlP7RgMdCpRV0OOh5kgh00BoAypGv27kcoJCMVfA=="
		},
		"node_modules/@astrojs/language-server": {
			"version": "0.23.0",
			"resolved": "https://registry.npmjs.org/@astrojs/language-server/-/language-server-0.23.0.tgz",
			"integrity": "sha512-vWQOPipssNUivHIytKX9Zw7TSYVIb1sItDEuZvaWIcim8Q3n7sbigaPpakeVhNh8EbstMMuYswUffJuUemueAw==",
			"dependencies": {
				"@vscode/emmet-helper": "^2.8.4",
				"prettier": "^2.7.1",
				"prettier-plugin-astro": "^0.5.3",
				"source-map": "^0.7.3",
				"typescript": "~4.6.4",
				"vscode-css-languageservice": "^6.0.1",
				"vscode-html-languageservice": "^5.0.0",
				"vscode-languageserver": "^8.0.1",
				"vscode-languageserver-protocol": "^3.17.1",
				"vscode-languageserver-textdocument": "^1.0.4",
				"vscode-languageserver-types": "^3.17.1",
				"vscode-uri": "^3.0.3"
			},
			"bin": {
				"astro-ls": "bin/nodeServer.js"
			}
		},
		"node_modules/@emmetio/abbreviation": {
			"version": "2.2.3",
			"resolved": "https://registry.npmjs.org/@emmetio/abbreviation/-/abbreviation-2.2.3.tgz",
			"integrity": "sha512-87pltuCPt99aL+y9xS6GPZ+Wmmyhll2WXH73gG/xpGcQ84DRnptBsI2r0BeIQ0EB/SQTOe2ANPqFqj3Rj5FOGA==",
			"dependencies": {
				"@emmetio/scanner": "^1.0.0"
			}
		},
		"node_modules/@emmetio/css-abbreviation": {
			"version": "2.1.4",
			"resolved": "https://registry.npmjs.org/@emmetio/css-abbreviation/-/css-abbreviation-2.1.4.tgz",
			"integrity": "sha512-qk9L60Y+uRtM5CPbB0y+QNl/1XKE09mSO+AhhSauIfr2YOx/ta3NJw2d8RtCFxgzHeRqFRr8jgyzThbu+MZ4Uw==",
			"dependencies": {
				"@emmetio/scanner": "^1.0.0"
			}
		},
		"node_modules/@emmetio/scanner": {
			"version": "1.0.0",
			"resolved": "https://registry.npmjs.org/@emmetio/scanner/-/scanner-1.0.0.tgz",
			"integrity": "sha512-8HqW8EVqjnCmWXVpqAOZf+EGESdkR27odcMMMGefgKXtar00SoYNSryGv//TELI4T3QFsECo78p+0lmalk/CFA=="
		},
		"node_modules/@pkgr/utils": {
			"version": "2.3.0",
			"resolved": "https://registry.npmjs.org/@pkgr/utils/-/utils-2.3.0.tgz",
			"integrity": "sha512-7dIJ9CRVzBnqyEl7diUHPUFJf/oty2SeoVzcMocc5PeOUDK9KGzvgIBjGRRzzlRDaOjh3ADwH0WeibQvi3ls2Q==",
			"dependencies": {
				"cross-spawn": "^7.0.3",
				"is-glob": "^4.0.3",
				"open": "^8.4.0",
				"picocolors": "^1.0.0",
				"tiny-glob": "^0.2.9",
				"tslib": "^2.4.0"
			},
			"engines": {
				"node": "^12.20.0 || ^14.18.0 || >=16.0.0"
			},
			"funding": {
				"url": "https://opencollective.com/unts"
			}
		},
		"node_modules/@vscode/emmet-helper": {
			"version": "2.8.4",
			"resolved": "https://registry.npmjs.org/@vscode/emmet-helper/-/emmet-helper-2.8.4.tgz",
			"integrity": "sha512-lUki5QLS47bz/U8IlG9VQ+1lfxMtxMZENmU5nu4Z71eOD5j9FK0SmYGL5NiVJg9WBWeAU0VxRADMY2Qpq7BfVg==",
			"dependencies": {
				"emmet": "^2.3.0",
				"jsonc-parser": "^2.3.0",
				"vscode-languageserver-textdocument": "^1.0.1",
				"vscode-languageserver-types": "^3.15.1",
				"vscode-nls": "^5.0.0",
				"vscode-uri": "^2.1.2"
			}
		},
		"node_modules/@vscode/emmet-helper/node_modules/vscode-uri": {
			"version": "2.1.2",
			"resolved": "https://registry.npmjs.org/vscode-uri/-/vscode-uri-2.1.2.tgz",
			"integrity": "sha512-8TEXQxlldWAuIODdukIb+TR5s+9Ds40eSJrw+1iDDA9IFORPjMELarNQE3myz5XIkWWpdprmJjm1/SxMlWOC8A=="
		},
		"node_modules/cross-spawn": {
			"version": "7.0.3",
			"resolved": "https://registry.npmjs.org/cross-spawn/-/cross-spawn-7.0.3.tgz",
			"integrity": "sha512-iRDPJKUPVEND7dHPO8rkbOnPpyDygcDFtWjpeWNCgy8WP2rXcxXL8TskReQl6OrB2G7+UJrags1q15Fudc7G6w==",
			"dependencies": {
				"path-key": "^3.1.0",
				"shebang-command": "^2.0.0",
				"which": "^2.0.1"
			},
			"engines": {
				"node": ">= 8"
			}
		},
		"node_modules/define-lazy-prop": {
			"version": "2.0.0",
			"resolved": "https://registry.npmjs.org/define-lazy-prop/-/define-lazy-prop-2.0.0.tgz",
			"integrity": "sha512-Ds09qNh8yw3khSjiJjiUInaGX9xlqZDY7JVryGxdxV7NPeuqQfplOpQ66yJFZut3jLa5zOwkXw1g9EI2uKh4Og==",
			"engines": {
				"node": ">=8"
			}
		},
		"node_modules/emmet": {
			"version": "2.3.6",
			"resolved": "https://registry.npmjs.org/emmet/-/emmet-2.3.6.tgz",
			"integrity": "sha512-pLS4PBPDdxuUAmw7Me7+TcHbykTsBKN/S9XJbUOMFQrNv9MoshzyMFK/R57JBm94/6HSL4vHnDeEmxlC82NQ4A==",
			"dependencies": {
				"@emmetio/abbreviation": "^2.2.3",
				"@emmetio/css-abbreviation": "^2.1.4"
			}
		},
		"node_modules/globalyzer": {
			"version": "0.1.0",
			"resolved": "https://registry.npmjs.org/globalyzer/-/globalyzer-0.1.0.tgz",
			"integrity": "sha512-40oNTM9UfG6aBmuKxk/giHn5nQ8RVz/SS4Ir6zgzOv9/qC3kKZ9v4etGTcJbEl/NyVQH7FGU7d+X1egr57Md2Q=="
		},
		"node_modules/globrex": {
			"version": "0.1.2",
			"resolved": "https://registry.npmjs.org/globrex/-/globrex-0.1.2.tgz",
			"integrity": "sha512-uHJgbwAMwNFf5mLst7IWLNg14x1CkeqglJb/K3doi4dw6q2IvAAmM/Y81kevy83wP+Sst+nutFTYOGg3d1lsxg=="
		},
		"node_modules/is-docker": {
			"version": "2.2.1",
			"resolved": "https://registry.npmjs.org/is-docker/-/is-docker-2.2.1.tgz",
			"integrity": "sha512-F+i2BKsFrH66iaUFc0woD8sLy8getkwTwtOBjvs56Cx4CgJDeKQeqfz8wAYiSb8JOprWhHH5p77PbmYCvvUuXQ==",
			"bin": {
				"is-docker": "cli.js"
			},
			"engines": {
				"node": ">=8"
			},
			"funding": {
				"url": "https://github.com/sponsors/sindresorhus"
			}
		},
		"node_modules/is-extglob": {
			"version": "2.1.1",
			"resolved": "https://registry.npmjs.org/is-extglob/-/is-extglob-2.1.1.tgz",
			"integrity": "sha512-SbKbANkN603Vi4jEZv49LeVJMn4yGwsbzZworEoyEiutsN3nJYdbO36zfhGJ6QEDpOZIFkDtnq5JRxmvl3jsoQ==",
			"engines": {
				"node": ">=0.10.0"
			}
		},
		"node_modules/is-glob": {
			"version": "4.0.3",
			"resolved": "https://registry.npmjs.org/is-glob/-/is-glob-4.0.3.tgz",
			"integrity": "sha512-xelSayHH36ZgE7ZWhli7pW34hNbNl8Ojv5KVmkJD4hBdD3th8Tfk9vYasLM+mXWOZhFkgZfxhLSnrwRr4elSSg==",
			"dependencies": {
				"is-extglob": "^2.1.1"
			},
			"engines": {
				"node": ">=0.10.0"
			}
		},
		"node_modules/is-wsl": {
			"version": "2.2.0",
			"resolved": "https://registry.npmjs.org/is-wsl/-/is-wsl-2.2.0.tgz",
			"integrity": "sha512-fKzAra0rGJUUBwGBgNkHZuToZcn+TtXHpeCgmkMJMMYx1sQDYaCSyjJBSCa2nH1DGm7s3n1oBnohoVTBaN7Lww==",
			"dependencies": {
				"is-docker": "^2.0.0"
			},
			"engines": {
				"node": ">=8"
			}
		},
		"node_modules/isexe": {
			"version": "2.0.0",
			"resolved": "https://registry.npmjs.org/isexe/-/isexe-2.0.0.tgz",
			"integrity": "sha512-RHxMLp9lnKHGHRng9QFhRCMbYAcVpn69smSGcq3f36xjgVVWThj4qqLbTLlq7Ssj8B+fIQ1EuCEGI2lKsyQeIw=="
		},
		"node_modules/jsonc-parser": {
			"version": "2.3.1",
			"resolved": "https://registry.npmjs.org/jsonc-parser/-/jsonc-parser-2.3.1.tgz",
			"integrity": "sha512-H8jvkz1O50L3dMZCsLqiuB2tA7muqbSg1AtGEkN0leAqGjsUzDJir3Zwr02BhqdcITPg3ei3mZ+HjMocAknhhg=="
		},
		"node_modules/open": {
			"version": "8.4.0",
			"resolved": "https://registry.npmjs.org/open/-/open-8.4.0.tgz",
			"integrity": "sha512-XgFPPM+B28FtCCgSb9I+s9szOC1vZRSwgWsRUA5ylIxRTgKozqjOCrVOqGsYABPYK5qnfqClxZTFBa8PKt2v6Q==",
			"dependencies": {
				"define-lazy-prop": "^2.0.0",
				"is-docker": "^2.1.1",
				"is-wsl": "^2.2.0"
			},
			"engines": {
				"node": ">=12"
			},
			"funding": {
				"url": "https://github.com/sponsors/sindresorhus"
			}
		},
		"node_modules/path-key": {
			"version": "3.1.1",
			"resolved": "https://registry.npmjs.org/path-key/-/path-key-3.1.1.tgz",
			"integrity": "sha512-ojmeN0qd+y0jszEtoY48r0Peq5dwMEkIlCOu6Q5f41lfkswXuKtYrhgoTpLnyIcHm24Uhqx+5Tqm2InSwLhE6Q==",
			"engines": {
				"node": ">=8"
			}
		},
		"node_modules/picocolors": {
			"version": "1.0.0",
			"resolved": "https://registry.npmjs.org/picocolors/-/picocolors-1.0.0.tgz",
			"integrity": "sha512-1fygroTLlHu66zi26VoTDv8yRgm0Fccecssto+MhsZ0D/DGW2sm8E8AjW7NU5VVTRt5GxbeZ5qBuJr+HyLYkjQ=="
		},
		"node_modules/prettier": {
			"version": "2.7.1",
			"resolved": "https://registry.npmjs.org/prettier/-/prettier-2.7.1.tgz",
			"integrity": "sha512-ujppO+MkdPqoVINuDFDRLClm7D78qbDt0/NR+wp5FqEZOoTNAjPHWj17QRhu7geIHJfcNhRk1XVQmF8Bp3ye+g==",
			"bin": {
				"prettier": "bin-prettier.js"
			},
			"engines": {
				"node": ">=10.13.0"
			},
			"funding": {
				"url": "https://github.com/prettier/prettier?sponsor=1"
			}
		},
		"node_modules/prettier-plugin-astro": {
			"version": "0.5.3",
			"resolved": "https://registry.npmjs.org/prettier-plugin-astro/-/prettier-plugin-astro-0.5.3.tgz",
			"integrity": "sha512-g4uJ/7k1rJeIWBifeBgTqzgV5gmMTG+lOmOvUZvtIh1R91aqa+yYMzbysIlsJKRaRyWefejrOpvpIuEePBDAyw==",
			"dependencies": {
				"@astrojs/compiler": "^0.23.3",
				"prettier": "^2.7.1",
				"sass-formatter": "^0.7.2",
				"synckit": "^0.7.0"
			},
			"engines": {
				"node": "^14.15.0 || >=16.0.0",
				"npm": ">=6.14.0"
			}
		},
		"node_modules/s.color": {
			"version": "0.0.15",
			"resolved": "https://registry.npmjs.org/s.color/-/s.color-0.0.15.tgz",
			"integrity": "sha512-AUNrbEUHeKY8XsYr/DYpl+qk5+aM+DChopnWOPEzn8YKzOhv4l2zH6LzZms3tOZP3wwdOyc0RmTciyi46HLIuA=="
		},
		"node_modules/sass-formatter": {
			"version": "0.7.5",
			"resolved": "https://registry.npmjs.org/sass-formatter/-/sass-formatter-0.7.5.tgz",
			"integrity": "sha512-NKFP8ddjhUYi6A/iD1cEtzkEs91U61kzqe3lY9SVNuvX7LGc88xnEN0mmsWL7Ol//YTi2GL/ol7b9XZ2+hgXuA==",
			"dependencies": {
				"suf-log": "^2.5.3"
			}
		},
		"node_modules/shebang-command": {
			"version": "2.0.0",
			"resolved": "https://registry.npmjs.org/shebang-command/-/shebang-command-2.0.0.tgz",
			"integrity": "sha512-kHxr2zZpYtdmrN1qDjrrX/Z1rR1kG8Dx+gkpK1G4eXmvXswmcE1hTWBWYUzlraYw1/yZp6YuDY77YtvbN0dmDA==",
			"dependencies": {
				"shebang-regex": "^3.0.0"
			},
			"engines": {
				"node": ">=8"
			}
		},
		"node_modules/shebang-regex": {
			"version": "3.0.0",
			"resolved": "https://registry.npmjs.org/shebang-regex/-/shebang-regex-3.0.0.tgz",
			"integrity": "sha512-7++dFhtcx3353uBaq8DDR4NuxBetBzC7ZQOhmTQInHEd6bSrXdiEyzCvG07Z44UYdLShWUyXt5M/yhz8ekcb1A==",
			"engines": {
				"node": ">=8"
			}
		},
		"node_modules/source-map": {
			"version": "0.7.4",
			"resolved": "https://registry.npmjs.org/source-map/-/source-map-0.7.4.tgz",
			"integrity": "sha512-l3BikUxvPOcn5E74dZiq5BGsTb5yEwhaTSzccU6t4sDOH8NWJCstKO5QT2CvtFoK6F0saL7p9xHAqHOlCPJygA==",
			"engines": {
				"node": ">= 8"
			}
		},
		"node_modules/suf-log": {
			"version": "2.5.3",
			"resolved": "https://registry.npmjs.org/suf-log/-/suf-log-2.5.3.tgz",
			"integrity": "sha512-KvC8OPjzdNOe+xQ4XWJV2whQA0aM1kGVczMQ8+dStAO6KfEB140JEVQ9dE76ONZ0/Ylf67ni4tILPJB41U0eow==",
			"dependencies": {
				"s.color": "0.0.15"
			}
		},
		"node_modules/synckit": {
			"version": "0.7.3",
			"resolved": "https://registry.npmjs.org/synckit/-/synckit-0.7.3.tgz",
			"integrity": "sha512-jNroMv7Juy+mJ/CHW5H6TzsLWpa1qck6sCHbkv8YTur+irSq2PjbvmGnm2gy14BUQ6jF33vyR4DPssHqmqsDQw==",
			"dependencies": {
				"@pkgr/utils": "^2.3.0",
				"tslib": "^2.4.0"
			},
			"engines": {
				"node": "^12.20.0 || ^14.18.0 || >=16.0.0"
			},
			"funding": {
				"url": "https://opencollective.com/unts"
			}
		},
		"node_modules/tiny-glob": {
			"version": "0.2.9",
			"resolved": "https://registry.npmjs.org/tiny-glob/-/tiny-glob-0.2.9.tgz",
			"integrity": "sha512-g/55ssRPUjShh+xkfx9UPDXqhckHEsHr4Vd9zX55oSdGZc/MD0m3sferOkwWtp98bv+kcVfEHtRJgBVJzelrzg==",
			"dependencies": {
				"globalyzer": "0.1.0",
				"globrex": "^0.1.2"
			}
		},
		"node_modules/tslib": {
			"version": "2.4.0",
			"resolved": "https://registry.npmjs.org/tslib/-/tslib-2.4.0.tgz",
			"integrity": "sha512-d6xOpEDfsi2CZVlPQzGeux8XMwLT9hssAsaPYExaQMuYskwb+x1x7J371tWlbBdWHroy99KnVB6qIkUbs5X3UQ=="
		},
		"node_modules/typescript": {
			"version": "4.6.4",
			"resolved": "https://registry.npmjs.org/typescript/-/typescript-4.6.4.tgz",
			"integrity": "sha512-9ia/jWHIEbo49HfjrLGfKbZSuWo9iTMwXO+Ca3pRsSpbsMbc7/IU8NKdCZVRRBafVPGnoJeFL76ZOAA84I9fEg==",
			"bin": {
				"tsc": "bin/tsc",
				"tsserver": "bin/tsserver"
			},
			"engines": {
				"node": ">=4.2.0"
			}
		},
		"node_modules/vscode-css-languageservice": {
			"version": "6.0.1",
			"resolved": "https://registry.npmjs.org/vscode-css-languageservice/-/vscode-css-languageservice-6.0.1.tgz",
			"integrity": "sha512-81n/eeYuJwQdvpoy6IK1258PtPbO720fl13FcJ5YQECPyHMFkmld1qKHwPJkyLbLPfboqJPM53ys4xW8v+iBVw==",
			"dependencies": {
				"vscode-languageserver-textdocument": "^1.0.4",
				"vscode-languageserver-types": "^3.17.1",
				"vscode-nls": "^5.0.1",
				"vscode-uri": "^3.0.3"
			}
		},
		"node_modules/vscode-html-languageservice": {
			"version": "5.0.1",
			"resolved": "https://registry.npmjs.org/vscode-html-languageservice/-/vscode-html-languageservice-5.0.1.tgz",
			"integrity": "sha512-OYsyn5HGAhxs0OIG+M0jc34WnftLtD67Wg7+TfrYwvf0waOkkr13zUqtdrVm2JPNQ6fJx+qnuM+vTbq7o1dCdQ==",
			"dependencies": {
				"vscode-languageserver-textdocument": "^1.0.4",
				"vscode-languageserver-types": "^3.17.1",
				"vscode-nls": "^5.0.1",
				"vscode-uri": "^3.0.3"
			}
		},
		"node_modules/vscode-jsonrpc": {
			"version": "8.0.2",
			"resolved": "https://registry.npmjs.org/vscode-jsonrpc/-/vscode-jsonrpc-8.0.2.tgz",
			"integrity": "sha512-RY7HwI/ydoC1Wwg4gJ3y6LpU9FJRZAUnTYMXthqhFXXu77ErDd/xkREpGuk4MyYkk4a+XDWAMqe0S3KkelYQEQ==",
			"engines": {
				"node": ">=14.0.0"
			}
		},
		"node_modules/vscode-languageserver": {
			"version": "8.0.2",
			"resolved": "https://registry.npmjs.org/vscode-languageserver/-/vscode-languageserver-8.0.2.tgz",
			"integrity": "sha512-bpEt2ggPxKzsAOZlXmCJ50bV7VrxwCS5BI4+egUmure/oI/t4OlFzi/YNtVvY24A2UDOZAgwFGgnZPwqSJubkA==",
			"dependencies": {
				"vscode-languageserver-protocol": "3.17.2"
			},
			"bin": {
				"installServerIntoExtension": "bin/installServerIntoExtension"
			}
		},
		"node_modules/vscode-languageserver-protocol": {
			"version": "3.17.2",
			"resolved": "https://registry.npmjs.org/vscode-languageserver-protocol/-/vscode-languageserver-protocol-3.17.2.tgz",
			"integrity": "sha512-8kYisQ3z/SQ2kyjlNeQxbkkTNmVFoQCqkmGrzLH6A9ecPlgTbp3wDTnUNqaUxYr4vlAcloxx8zwy7G5WdguYNg==",
			"dependencies": {
				"vscode-jsonrpc": "8.0.2",
				"vscode-languageserver-types": "3.17.2"
			}
		},
		"node_modules/vscode-languageserver-textdocument": {
			"version": "1.0.5",
			"resolved": "https://registry.npmjs.org/vscode-languageserver-textdocument/-/vscode-languageserver-textdocument-1.0.5.tgz",
			"integrity": "sha512-1ah7zyQjKBudnMiHbZmxz5bYNM9KKZYz+5VQLj+yr8l+9w3g+WAhCkUkWbhMEdC5u0ub4Ndiye/fDyS8ghIKQg=="
		},
		"node_modules/vscode-languageserver-types": {
			"version": "3.17.2",
			"resolved": "https://registry.npmjs.org/vscode-languageserver-types/-/vscode-languageserver-types-3.17.2.tgz",
			"integrity": "sha512-zHhCWatviizPIq9B7Vh9uvrH6x3sK8itC84HkamnBWoDFJtzBf7SWlpLCZUit72b3os45h6RWQNC9xHRDF8dRA=="
		},
		"node_modules/vscode-nls": {
			"version": "5.0.1",
			"resolved": "https://registry.npmjs.org/vscode-nls/-/vscode-nls-5.0.1.tgz",
			"integrity": "sha512-hHQV6iig+M21lTdItKPkJAaWrxALQb/nqpVffakO4knJOh3DrU2SXOMzUzNgo1eADPzu3qSsJY1weCzvR52q9A=="
		},
		"node_modules/vscode-uri": {
			"version": "3.0.3",
			"resolved": "https://registry.npmjs.org/vscode-uri/-/vscode-uri-3.0.3.tgz",
			"integrity": "sha512-EcswR2S8bpR7fD0YPeS7r2xXExrScVMxg4MedACaWHEtx9ftCF/qHG1xGkolzTPcEmjTavCQgbVzHUIdTMzFGA=="
		},
		"node_modules/which": {
			"version": "2.0.2",
			"resolved": "https://registry.npmjs.org/which/-/which-2.0.2.tgz",
			"integrity": "sha512-BLI3Tl1TW3Pvl70l3yq3Y64i+awpwXqsGBYWkkqMtnbXgrMD+yj7rhW0kuEDxzJaYXGjEW5ogapKNMEKNMjibA==",
			"dependencies": {
				"isexe": "^2.0.0"
			},
			"bin": {
				"node-which": "bin/node-which"
			},
			"engines": {
				"node": ">= 8"
			}
		}
	},
	"dependencies": {
		"@astrojs/compiler": {
			"version": "0.23.4",
			"resolved": "https://registry.npmjs.org/@astrojs/compiler/-/compiler-0.23.4.tgz",
			"integrity": "sha512-vNZIa5Tf5nOqBEGJvM6xyYBnGcz4MAp+bBPnyVI0UYRjsIWlP7RgMdCpRV0OOh5kgh00BoAypGv27kcoJCMVfA=="
		},
		"@astrojs/language-server": {
			"version": "0.23.0",
			"resolved": "https://registry.npmjs.org/@astrojs/language-server/-/language-server-0.23.0.tgz",
			"integrity": "sha512-vWQOPipssNUivHIytKX9Zw7TSYVIb1sItDEuZvaWIcim8Q3n7sbigaPpakeVhNh8EbstMMuYswUffJuUemueAw==",
			"requires": {
				"@vscode/emmet-helper": "^2.8.4",
				"prettier": "^2.7.1",
				"prettier-plugin-astro": "^0.5.3",
				"source-map": "^0.7.3",
				"typescript": "~4.6.4",
				"vscode-css-languageservice": "^6.0.1",
				"vscode-html-languageservice": "^5.0.0",
				"vscode-languageserver": "^8.0.1",
				"vscode-languageserver-protocol": "^3.17.1",
				"vscode-languageserver-textdocument": "^1.0.4",
				"vscode-languageserver-types": "^3.17.1",
				"vscode-uri": "^3.0.3"
			}
		},
		"@emmetio/abbreviation": {
			"version": "2.2.3",
			"resolved": "https://registry.npmjs.org/@emmetio/abbreviation/-/abbreviation-2.2.3.tgz",
			"integrity": "sha512-87pltuCPt99aL+y9xS6GPZ+Wmmyhll2WXH73gG/xpGcQ84DRnptBsI2r0BeIQ0EB/SQTOe2ANPqFqj3Rj5FOGA==",
			"requires": {
				"@emmetio/scanner": "^1.0.0"
			}
		},
		"@emmetio/css-abbreviation": {
			"version": "2.1.4",
			"resolved": "https://registry.npmjs.org/@emmetio/css-abbreviation/-/css-abbreviation-2.1.4.tgz",
			"integrity": "sha512-qk9L60Y+uRtM5CPbB0y+QNl/1XKE09mSO+AhhSauIfr2YOx/ta3NJw2d8RtCFxgzHeRqFRr8jgyzThbu+MZ4Uw==",
			"requires": {
				"@emmetio/scanner": "^1.0.0"
			}
		},
		"@emmetio/scanner": {
			"version": "1.0.0",
			"resolved": "https://registry.npmjs.org/@emmetio/scanner/-/scanner-1.0.0.tgz",
			"integrity": "sha512-8HqW8EVqjnCmWXVpqAOZf+EGESdkR27odcMMMGefgKXtar00SoYNSryGv//TELI4T3QFsECo78p+0lmalk/CFA=="
		},
		"@pkgr/utils": {
			"version": "2.3.0",
			"resolved": "https://registry.npmjs.org/@pkgr/utils/-/utils-2.3.0.tgz",
			"integrity": "sha512-7dIJ9CRVzBnqyEl7diUHPUFJf/oty2SeoVzcMocc5PeOUDK9KGzvgIBjGRRzzlRDaOjh3ADwH0WeibQvi3ls2Q==",
			"requires": {
				"cross-spawn": "^7.0.3",
				"is-glob": "^4.0.3",
				"open": "^8.4.0",
				"picocolors": "^1.0.0",
				"tiny-glob": "^0.2.9",
				"tslib": "^2.4.0"
			}
		},
		"@vscode/emmet-helper": {
			"version": "2.8.4",
			"resolved": "https://registry.npmjs.org/@vscode/emmet-helper/-/emmet-helper-2.8.4.tgz",
			"integrity": "sha512-lUki5QLS47bz/U8IlG9VQ+1lfxMtxMZENmU5nu4Z71eOD5j9FK0SmYGL5NiVJg9WBWeAU0VxRADMY2Qpq7BfVg==",
			"requires": {
				"emmet": "^2.3.0",
				"jsonc-parser": "^2.3.0",
				"vscode-languageserver-textdocument": "^1.0.1",
				"vscode-languageserver-types": "^3.15.1",
				"vscode-nls": "^5.0.0",
				"vscode-uri": "^2.1.2"
			},
			"dependencies": {
				"vscode-uri": {
					"version": "2.1.2",
					"resolved": "https://registry.npmjs.org/vscode-uri/-/vscode-uri-2.1.2.tgz",
					"integrity": "sha512-8TEXQxlldWAuIODdukIb+TR5s+9Ds40eSJrw+1iDDA9IFORPjMELarNQE3myz5XIkWWpdprmJjm1/SxMlWOC8A=="
				}
			}
		},
		"cross-spawn": {
			"version": "7.0.3",
			"resolved": "https://registry.npmjs.org/cross-spawn/-/cross-spawn-7.0.3.tgz",
			"integrity": "sha512-iRDPJKUPVEND7dHPO8rkbOnPpyDygcDFtWjpeWNCgy8WP2rXcxXL8TskReQl6OrB2G7+UJrags1q15Fudc7G6w==",
			"requires": {
				"path-key": "^3.1.0",
				"shebang-command": "^2.0.0",
				"which": "^2.0.1"
			}
		},
		"define-lazy-prop": {
			"version": "2.0.0",
			"resolved": "https://registry.npmjs.org/define-lazy-prop/-/define-lazy-prop-2.0.0.tgz",
			"integrity": "sha512-Ds09qNh8yw3khSjiJjiUInaGX9xlqZDY7JVryGxdxV7NPeuqQfplOpQ66yJFZut3jLa5zOwkXw1g9EI2uKh4Og=="
		},
		"emmet": {
			"version": "2.3.6",
			"resolved": "https://registry.npmjs.org/emmet/-/emmet-2.3.6.tgz",
			"integrity": "sha512-pLS4PBPDdxuUAmw7Me7+TcHbykTsBKN/S9XJbUOMFQrNv9MoshzyMFK/R57JBm94/6HSL4vHnDeEmxlC82NQ4A==",
			"requires": {
				"@emmetio/abbreviation": "^2.2.3",
				"@emmetio/css-abbreviation": "^2.1.4"
			}
		},
		"globalyzer": {
			"version": "0.1.0",
			"resolved": "https://registry.npmjs.org/globalyzer/-/globalyzer-0.1.0.tgz",
			"integrity": "sha512-40oNTM9UfG6aBmuKxk/giHn5nQ8RVz/SS4Ir6zgzOv9/qC3kKZ9v4etGTcJbEl/NyVQH7FGU7d+X1egr57Md2Q=="
		},
		"globrex": {
			"version": "0.1.2",
			"resolved": "https://registry.npmjs.org/globrex/-/globrex-0.1.2.tgz",
			"integrity": "sha512-uHJgbwAMwNFf5mLst7IWLNg14x1CkeqglJb/K3doi4dw6q2IvAAmM/Y81kevy83wP+Sst+nutFTYOGg3d1lsxg=="
		},
		"is-docker": {
			"version": "2.2.1",
			"resolved": "https://registry.npmjs.org/is-docker/-/is-docker-2.2.1.tgz",
			"integrity": "sha512-F+i2BKsFrH66iaUFc0woD8sLy8getkwTwtOBjvs56Cx4CgJDeKQeqfz8wAYiSb8JOprWhHH5p77PbmYCvvUuXQ=="
		},
		"is-extglob": {
			"version": "2.1.1",
			"resolved": "https://registry.npmjs.org/is-extglob/-/is-extglob-2.1.1.tgz",
			"integrity": "sha512-SbKbANkN603Vi4jEZv49LeVJMn4yGwsbzZworEoyEiutsN3nJYdbO36zfhGJ6QEDpOZIFkDtnq5JRxmvl3jsoQ=="
		},
		"is-glob": {
			"version": "4.0.3",
			"resolved": "https://registry.npmjs.org/is-glob/-/is-glob-4.0.3.tgz",
			"integrity": "sha512-xelSayHH36ZgE7ZWhli7pW34hNbNl8Ojv5KVmkJD4hBdD3th8Tfk9vYasLM+mXWOZhFkgZfxhLSnrwRr4elSSg==",
			"requires": {
				"is-extglob": "^2.1.1"
			}
		},
		"is-wsl": {
			"version": "2.2.0",
			"resolved": "https://registry.npmjs.org/is-wsl/-/is-wsl-2.2.0.tgz",
			"integrity": "sha512-fKzAra0rGJUUBwGBgNkHZuToZcn+TtXHpeCgmkMJMMYx1sQDYaCSyjJBSCa2nH1DGm7s3n1oBnohoVTBaN7Lww==",
			"requires": {
				"is-docker": "^2.0.0"
			}
		},
		"isexe": {
			"version": "2.0.0",
			"resolved": "https://registry.npmjs.org/isexe/-/isexe-2.0.0.tgz",
			"integrity": "sha512-RHxMLp9lnKHGHRng9QFhRCMbYAcVpn69smSGcq3f36xjgVVWThj4qqLbTLlq7Ssj8B+fIQ1EuCEGI2lKsyQeIw=="
		},
		"jsonc-parser": {
			"version": "2.3.1",
			"resolved": "https://registry.npmjs.org/jsonc-parser/-/jsonc-parser-2.3.1.tgz",
			"integrity": "sha512-H8jvkz1O50L3dMZCsLqiuB2tA7muqbSg1AtGEkN0leAqGjsUzDJir3Zwr02BhqdcITPg3ei3mZ+HjMocAknhhg=="
		},
		"open": {
			"version": "8.4.0",
			"resolved": "https://registry.npmjs.org/open/-/open-8.4.0.tgz",
			"integrity": "sha512-XgFPPM+B28FtCCgSb9I+s9szOC1vZRSwgWsRUA5ylIxRTgKozqjOCrVOqGsYABPYK5qnfqClxZTFBa8PKt2v6Q==",
			"requires": {
				"define-lazy-prop": "^2.0.0",
				"is-docker": "^2.1.1",
				"is-wsl": "^2.2.0"
			}
		},
		"path-key": {
			"version": "3.1.1",
			"resolved": "https://registry.npmjs.org/path-key/-/path-key-3.1.1.tgz",
			"integrity": "sha512-ojmeN0qd+y0jszEtoY48r0Peq5dwMEkIlCOu6Q5f41lfkswXuKtYrhgoTpLnyIcHm24Uhqx+5Tqm2InSwLhE6Q=="
		},
		"picocolors": {
			"version": "1.0.0",
			"resolved": "https://registry.npmjs.org/picocolors/-/picocolors-1.0.0.tgz",
			"integrity": "sha512-1fygroTLlHu66zi26VoTDv8yRgm0Fccecssto+MhsZ0D/DGW2sm8E8AjW7NU5VVTRt5GxbeZ5qBuJr+HyLYkjQ=="
		},
		"prettier": {
			"version": "2.7.1",
			"resolved": "https://registry.npmjs.org/prettier/-/prettier-2.7.1.tgz",
			"integrity": "sha512-ujppO+MkdPqoVINuDFDRLClm7D78qbDt0/NR+wp5FqEZOoTNAjPHWj17QRhu7geIHJfcNhRk1XVQmF8Bp3ye+g=="
		},
		"prettier-plugin-astro": {
			"version": "0.5.3",
			"resolved": "https://registry.npmjs.org/prettier-plugin-astro/-/prettier-plugin-astro-0.5.3.tgz",
			"integrity": "sha512-g4uJ/7k1rJeIWBifeBgTqzgV5gmMTG+lOmOvUZvtIh1R91aqa+yYMzbysIlsJKRaRyWefejrOpvpIuEePBDAyw==",
			"requires": {
				"@astrojs/compiler": "^0.23.3",
				"prettier": "^2.7.1",
				"sass-formatter": "^0.7.2",
				"synckit": "^0.7.0"
			}
		},
		"s.color": {
			"version": "0.0.15",
			"resolved": "https://registry.npmjs.org/s.color/-/s.color-0.0.15.tgz",
			"integrity": "sha512-AUNrbEUHeKY8XsYr/DYpl+qk5+aM+DChopnWOPEzn8YKzOhv4l2zH6LzZms3tOZP3wwdOyc0RmTciyi46HLIuA=="
		},
		"sass-formatter": {
			"version": "0.7.5",
			"resolved": "https://registry.npmjs.org/sass-formatter/-/sass-formatter-0.7.5.tgz",
			"integrity": "sha512-NKFP8ddjhUYi6A/iD1cEtzkEs91U61kzqe3lY9SVNuvX7LGc88xnEN0mmsWL7Ol//YTi2GL/ol7b9XZ2+hgXuA==",
			"requires": {
				"suf-log": "^2.5.3"
			}
		},
		"shebang-command": {
			"version": "2.0.0",
			"resolved": "https://registry.npmjs.org/shebang-command/-/shebang-command-2.0.0.tgz",
			"integrity": "sha512-kHxr2zZpYtdmrN1qDjrrX/Z1rR1kG8Dx+gkpK1G4eXmvXswmcE1hTWBWYUzlraYw1/yZp6YuDY77YtvbN0dmDA==",
			"requires": {
				"shebang-regex": "^3.0.0"
			}
		},
		"shebang-regex": {
			"version": "3.0.0",
			"resolved": "https://registry.npmjs.org/shebang-regex/-/shebang-regex-3.0.0.tgz",
			"integrity": "sha512-7++dFhtcx3353uBaq8DDR4NuxBetBzC7ZQOhmTQInHEd6bSrXdiEyzCvG07Z44UYdLShWUyXt5M/yhz8ekcb1A=="
		},
		"source-map": {
			"version": "0.7.4",
			"resolved": "https://registry.npmjs.org/source-map/-/source-map-0.7.4.tgz",
			"integrity": "sha512-l3BikUxvPOcn5E74dZiq5BGsTb5yEwhaTSzccU6t4sDOH8NWJCstKO5QT2CvtFoK6F0saL7p9xHAqHOlCPJygA=="
		},
		"suf-log": {
			"version": "2.5.3",
			"resolved": "https://registry.npmjs.org/suf-log/-/suf-log-2.5.3.tgz",
			"integrity": "sha512-KvC8OPjzdNOe+xQ4XWJV2whQA0aM1kGVczMQ8+dStAO6KfEB140JEVQ9dE76ONZ0/Ylf67ni4tILPJB41U0eow==",
			"requires": {
				"s.color": "0.0.15"
			}
		},
		"synckit": {
			"version": "0.7.3",
			"resolved": "https://registry.npmjs.org/synckit/-/synckit-0.7.3.tgz",
			"integrity": "sha512-jNroMv7Juy+mJ/CHW5H6TzsLWpa1qck6sCHbkv8YTur+irSq2PjbvmGnm2gy14BUQ6jF33vyR4DPssHqmqsDQw==",
			"requires": {
				"@pkgr/utils": "^2.3.0",
				"tslib": "^2.4.0"
			}
		},
		"tiny-glob": {
			"version": "0.2.9",
			"resolved": "https://registry.npmjs.org/tiny-glob/-/tiny-glob-0.2.9.tgz",
			"integrity": "sha512-g/55ssRPUjShh+xkfx9UPDXqhckHEsHr4Vd9zX55oSdGZc/MD0m3sferOkwWtp98bv+kcVfEHtRJgBVJzelrzg==",
			"requires": {
				"globalyzer": "0.1.0",
				"globrex": "^0.1.2"
			}
		},
		"tslib": {
			"version": "2.4.0",
			"resolved": "https://registry.npmjs.org/tslib/-/tslib-2.4.0.tgz",
			"integrity": "sha512-d6xOpEDfsi2CZVlPQzGeux8XMwLT9hssAsaPYExaQMuYskwb+x1x7J371tWlbBdWHroy99KnVB6qIkUbs5X3UQ=="
		},
		"typescript": {
			"version": "4.6.4",
			"resolved": "https://registry.npmjs.org/typescript/-/typescript-4.6.4.tgz",
			"integrity": "sha512-9ia/jWHIEbo49HfjrLGfKbZSuWo9iTMwXO+Ca3pRsSpbsMbc7/IU8NKdCZVRRBafVPGnoJeFL76ZOAA84I9fEg=="
		},
		"vscode-css-languageservice": {
			"version": "6.0.1",
			"resolved": "https://registry.npmjs.org/vscode-css-languageservice/-/vscode-css-languageservice-6.0.1.tgz",
			"integrity": "sha512-81n/eeYuJwQdvpoy6IK1258PtPbO720fl13FcJ5YQECPyHMFkmld1qKHwPJkyLbLPfboqJPM53ys4xW8v+iBVw==",
			"requires": {
				"vscode-languageserver-textdocument": "^1.0.4",
				"vscode-languageserver-types": "^3.17.1",
				"vscode-nls": "^5.0.1",
				"vscode-uri": "^3.0.3"
			}
		},
		"vscode-html-languageservice": {
			"version": "5.0.1",
			"resolved": "https://registry.npmjs.org/vscode-html-languageservice/-/vscode-html-languageservice-5.0.1.tgz",
			"integrity": "sha512-OYsyn5HGAhxs0OIG+M0jc34WnftLtD67Wg7+TfrYwvf0waOkkr13zUqtdrVm2JPNQ6fJx+qnuM+vTbq7o1dCdQ==",
			"requires": {
				"vscode-languageserver-textdocument": "^1.0.4",
				"vscode-languageserver-types": "^3.17.1",
				"vscode-nls": "^5.0.1",
				"vscode-uri": "^3.0.3"
			}
		},
		"vscode-jsonrpc": {
			"version": "8.0.2",
			"resolved": "https://registry.npmjs.org/vscode-jsonrpc/-/vscode-jsonrpc-8.0.2.tgz",
			"integrity": "sha512-RY7HwI/ydoC1Wwg4gJ3y6LpU9FJRZAUnTYMXthqhFXXu77ErDd/xkREpGuk4MyYkk4a+XDWAMqe0S3KkelYQEQ=="
		},
		"vscode-languageserver": {
			"version": "8.0.2",
			"resolved": "https://registry.npmjs.org/vscode-languageserver/-/vscode-languageserver-8.0.2.tgz",
			"integrity": "sha512-bpEt2ggPxKzsAOZlXmCJ50bV7VrxwCS5BI4+egUmure/oI/t4OlFzi/YNtVvY24A2UDOZAgwFGgnZPwqSJubkA==",
			"requires": {
				"vscode-languageserver-protocol": "3.17.2"
			}
		},
		"vscode-languageserver-protocol": {
			"version": "3.17.2",
			"resolved": "https://registry.npmjs.org/vscode-languageserver-protocol/-/vscode-languageserver-protocol-3.17.2.tgz",
			"integrity": "sha512-8kYisQ3z/SQ2kyjlNeQxbkkTNmVFoQCqkmGrzLH6A9ecPlgTbp3wDTnUNqaUxYr4vlAcloxx8zwy7G5WdguYNg==",
			"requires": {
				"vscode-jsonrpc": "8.0.2",
				"vscode-languageserver-types": "3.17.2"
			}
		},
		"vscode-languageserver-textdocument": {
			"version": "1.0.5",
			"resolved": "https://registry.npmjs.org/vscode-languageserver-textdocument/-/vscode-languageserver-textdocument-1.0.5.tgz",
			"integrity": "sha512-1ah7zyQjKBudnMiHbZmxz5bYNM9KKZYz+5VQLj+yr8l+9w3g+WAhCkUkWbhMEdC5u0ub4Ndiye/fDyS8ghIKQg=="
		},
		"vscode-languageserver-types": {
			"version": "3.17.2",
			"resolved": "https://registry.npmjs.org/vscode-languageserver-types/-/vscode-languageserver-types-3.17.2.tgz",
			"integrity": "sha512-zHhCWatviizPIq9B7Vh9uvrH6x3sK8itC84HkamnBWoDFJtzBf7SWlpLCZUit72b3os45h6RWQNC9xHRDF8dRA=="
		},
		"vscode-nls": {
			"version": "5.0.1",
			"resolved": "https://registry.npmjs.org/vscode-nls/-/vscode-nls-5.0.1.tgz",
			"integrity": "sha512-hHQV6iig+M21lTdItKPkJAaWrxALQb/nqpVffakO4knJOh3DrU2SXOMzUzNgo1eADPzu3qSsJY1weCzvR52q9A=="
		},
		"vscode-uri": {
			"version": "3.0.3",
			"resolved": "https://registry.npmjs.org/vscode-uri/-/vscode-uri-3.0.3.tgz",
			"integrity": "sha512-EcswR2S8bpR7fD0YPeS7r2xXExrScVMxg4MedACaWHEtx9ftCF/qHG1xGkolzTPcEmjTavCQgbVzHUIdTMzFGA=="
		},
		"which": {
			"version": "2.0.2",
			"resolved": "https://registry.npmjs.org/which/-/which-2.0.2.tgz",
			"integrity": "sha512-BLI3Tl1TW3Pvl70l3yq3Y64i+awpwXqsGBYWkkqMtnbXgrMD+yj7rhW0kuEDxzJaYXGjEW5ogapKNMEKNMjibA==",
			"requires": {
				"isexe": "^2.0.0"
			}
		}
	}
}
